
Microsoft Visual Studio Solution File, Format Version 12.00
# Visual Studio 15
Project("{FAE04EC0-301F-11D3-BF4B-00C04F79EFBC}") = "Meta.WitAi.Conduit", "Meta.WitAi.Conduit.csproj", "{4BB7169B-2A88-609A-0583-BA7F4BC9402D}"
EndProject
Project("{FAE04EC0-301F-11D3-BF4B-00C04F79EFBC}") = "Oculus.VR", "Oculus.VR.csproj", "{23B9EB1A-E4A9-B727-33EC-FA34AB75EA79}"
EndProject
Project("{FAE04EC0-301F-11D3-BF4B-00C04F79EFBC}") = "Oculus.Interaction", "Oculus.Interaction.csproj", "{4728936D-DB13-60C3-F374-1B5463529015}"
EndProject
Project("{FAE04EC0-301F-11D3-BF4B-00C04F79EFBC}") = "Oculus.Interaction.Editor", "Oculus.Interaction.Editor.csproj", "{634DAB6A-E173-67AA-EDD0-134E2EE6946A}"
EndProject
Project("{FAE04EC0-301F-11D3-BF4B-00C04F79EFBC}") = "Oculus.Platform", "Oculus.Platform.csproj", "{F7D9D411-509B-B8C5-9A65-3E018CE984E6}"
EndProject
Project("{FAE04EC0-301F-11D3-BF4B-00C04F79EFBC}") = "VoiceSDK.Telemetry", "VoiceSDK.Telemetry.csproj", "{AC73005C-8B7C-CA90-A21E-66AFA2BDCB19}"
EndProject
Project("{FAE04EC0-301F-11D3-BF4B-00C04F79EFBC}") = "Assembly-CSharp", "Assembly-CSharp.csproj", "{613A6952-A4AD-36E8-8275-E2E4012566BD}"
EndProject
Project("{FAE04EC0-301F-11D3-BF4B-00C04F79EFBC}") = "Oculus.Interaction.OVR.Samples", "Oculus.Interaction.OVR.Samples.csproj", "{5722AE3E-80E3-0921-3B86-3B9E5A2B85EE}"
EndProject
Project("{FAE04EC0-301F-11D3-BF4B-00C04F79EFBC}") = "Meta.WitAi.Lib", "Meta.WitAi.Lib.csproj", "{E7A1CF25-D668-5907-0601-B6296F9ADE33}"
EndProject
Project("{FAE04EC0-301F-11D3-BF4B-00C04F79EFBC}") = "Meta.WitAi.Editor", "Meta.WitAi.Editor.csproj", "{91022342-62A4-51A8-62EC-EC8FD932BDF3}"
EndProject
Project("{FAE04EC0-301F-11D3-BF4B-00C04F79EFBC}") = "Meta.WitAi.Conduit.Editor", "Meta.WitAi.Conduit.Editor.csproj", "{ABE9595E-29F9-E2F8-10EA-A1CB8441F25C}"
EndProject
Project("{FAE04EC0-301F-11D3-BF4B-00C04F79EFBC}") = "Meta.WitAi", "Meta.WitAi.csproj", "{D5C499CD-7499-6C90-9DA7-B2C4DDD7E8E6}"
EndProject
Project("{FAE04EC0-301F-11D3-BF4B-00C04F79EFBC}") = "Oculus.VR.Editor", "Oculus.VR.Editor.csproj", "{A87609A3-ACEA-9DC7-276C-619136DB5DF4}"
EndProject
Project("{FAE04EC0-301F-11D3-BF4B-00C04F79EFBC}") = "Oculus.LipSync", "Oculus.LipSync.csproj", "{89042D0A-0223-D1ED-B305-841014B8EAB0}"
EndProject
Project("{FAE04EC0-301F-11D3-BF4B-00C04F79EFBC}") = "Oculus.Interaction.OVR", "Oculus.Interaction.OVR.csproj", "{0597007C-34E3-209D-567F-3B888B106E5A}"
EndProject
Project("{FAE04EC0-301F-11D3-BF4B-00C04F79EFBC}") = "VoiceSDK.Editor", "VoiceSDK.Editor.csproj", "{683686E2-204E-4FAB-4688-356F010E91DF}"
EndProject
Project("{FAE04EC0-301F-11D3-BF4B-00C04F79EFBC}") = "Meta.WitAI.Lib.Editor", "Meta.WitAI.Lib.Editor.csproj", "{AD8684B6-E17B-2CF1-AD9E-F2F8DAC89A2B}"
EndProject
Project("{FAE04EC0-301F-11D3-BF4B-00C04F79EFBC}") = "Oculus.AudioManager", "Oculus.AudioManager.csproj", "{7C122DDA-4765-450B-A1ED-37B27391E699}"
EndProject
Project("{FAE04EC0-301F-11D3-BF4B-00C04F79EFBC}") = "Meta.Voice.Samples.BuiltInTimer", "Meta.Voice.Samples.BuiltInTimer.csproj", "{CF188CC4-42EC-DFD4-7AFE-BB1E3541DC1C}"
EndProject
Project("{FAE04EC0-301F-11D3-BF4B-00C04F79EFBC}") = "Meta.Voice.VSDKHub.Editor", "Meta.Voice.VSDKHub.Editor.csproj", "{9C526A75-9F9F-0638-3F61-BE1B938036B1}"
EndProject
Project("{FAE04EC0-301F-11D3-BF4B-00C04F79EFBC}") = "VoiceSDK.Dictation.Runtime", "VoiceSDK.Dictation.Runtime.csproj", "{07260213-806F-7038-0617-24E920AC9DDE}"
EndProject
Project("{FAE04EC0-301F-11D3-BF4B-00C04F79EFBC}") = "Meta.WitAi.TTS", "Meta.WitAi.TTS.csproj", "{1999BF04-75DC-14CD-065C-042FA6132C21}"
EndProject
Project("{FAE04EC0-301F-11D3-BF4B-00C04F79EFBC}") = "AssistantCoreSDKRuntime", "AssistantCoreSDKRuntime.csproj", "{BBFEF12D-AFFD-4C18-6232-BC06A50EA92E}"
EndProject
Project("{FAE04EC0-301F-11D3-BF4B-00C04F79EFBC}") = "Assembly-CSharp-Editor", "Assembly-CSharp-Editor.csproj", "{8BC0A7B8-ED40-7106-A147-548AF13295AC}"
EndProject
Project("{FAE04EC0-301F-11D3-BF4B-00C04F79EFBC}") = "Meta.Voice.Samples.TTSVoices", "Meta.Voice.Samples.TTSVoices.csproj", "{F479F7AB-6E97-6AB3-C872-E5446875A059}"
EndProject
Project("{FAE04EC0-301F-11D3-BF4B-00C04F79EFBC}") = "VoiceSDK.Runtime", "VoiceSDK.Runtime.csproj", "{F07832D6-EA95-098C-471B-905DB4ACACF7}"
EndProject
Project("{FAE04EC0-301F-11D3-BF4B-00C04F79EFBC}") = "Oculus.VR.Scripts.Editor", "Oculus.VR.Scripts.Editor.csproj", "{4893C9B8-7D91-3360-81E0-95184140696D}"
EndProject
Project("{FAE04EC0-301F-11D3-BF4B-00C04F79EFBC}") = "Meta.Voice.Samples.LightTraits", "Meta.Voice.Samples.LightTraits.csproj", "{D46E2D66-29A1-349E-8743-57BC612E9D90}"
EndProject
Project("{FAE04EC0-301F-11D3-BF4B-00C04F79EFBC}") = "Meta.Voice.Hub.Editor", "Meta.Voice.Hub.Editor.csproj", "{2B2F9AE6-D276-B8C1-C057-3C843C30DE3D}"
EndProject
Project("{FAE04EC0-301F-11D3-BF4B-00C04F79EFBC}") = "Oculus.Interaction.Samples.Editor", "Oculus.Interaction.Samples.Editor.csproj", "{9C4F55C3-048B-FCFA-6445-E1FF48047381}"
EndProject
Project("{FAE04EC0-301F-11D3-BF4B-00C04F79EFBC}") = "Meta.WitAi.TTS.Editor", "Meta.WitAi.TTS.Editor.csproj", "{E92D1F0F-F5A3-D029-D842-1C2D8A0098D4}"
EndProject
Project("{FAE04EC0-301F-11D3-BF4B-00C04F79EFBC}") = "Oculus.Platform.Editor", "Oculus.Platform.Editor.csproj", "{2A1DD861-87B4-0683-A15F-B5FD24C84B1A}"
EndProject
Project("{FAE04EC0-301F-11D3-BF4B-00C04F79EFBC}") = "Facebook.Wit.Dictation", "Facebook.Wit.Dictation.csproj", "{565D81A0-49AE-0879-7A6C-9FA94EBD0B80}"
EndProject
Project("{FAE04EC0-301F-11D3-BF4B-00C04F79EFBC}") = "Oculus.Spatializer.Editor", "Oculus.Spatializer.Editor.csproj", "{79E30398-474D-2F25-F8EE-77B16BA3F59B}"
EndProject
Project("{FAE04EC0-301F-11D3-BF4B-00C04F79EFBC}") = "Oculus.LipSync.Editor", "Oculus.LipSync.Editor.csproj", "{86D09374-A08D-D7C2-53E3-41AA03269685}"
EndProject
Project("{FAE04EC0-301F-11D3-BF4B-00C04F79EFBC}") = "Oculus.AudioManager.Utils.Editor", "Oculus.AudioManager.Utils.Editor.csproj", "{5D5E1AAA-20B6-3B11-DB73-E6EC7296EC90}"
EndProject
Project("{FAE04EC0-301F-11D3-BF4B-00C04F79EFBC}") = "Meta.VoiceSDK.Mic.Common", "Meta.VoiceSDK.Mic.Common.csproj", "{15DD8678-59AC-63C3-993C-3181019B0362}"
EndProject
Project("{FAE04EC0-301F-11D3-BF4B-00C04F79EFBC}") = "Meta.Voice.Samples.ShapesConduit", "Meta.Voice.Samples.ShapesConduit.csproj", "{265D2592-0E3B-DC1D-EFB4-A59B824D3C54}"
EndProject
Project("{FAE04EC0-301F-11D3-BF4B-00C04F79EFBC}") = "Oculus.Spatializer", "Oculus.Spatializer.csproj", "{796934C4-FA23-D11C-2A25-7BB94E716277}"
EndProject
Project("{FAE04EC0-301F-11D3-BF4B-00C04F79EFBC}") = "Meta.VoiceSDK.Mic.Other", "Meta.VoiceSDK.Mic.Other.csproj", "{DD45700F-DEF1-5B3F-A108-DB8CE8B4A275}"
EndProject
Project("{FAE04EC0-301F-11D3-BF4B-00C04F79EFBC}") = "Oculus.Interaction.InterfaceSupport", "Oculus.Interaction.InterfaceSupport.csproj", "{68509339-EE72-82CF-1880-9E02F558BD6A}"
EndProject
Project("{FAE04EC0-301F-11D3-BF4B-00C04F79EFBC}") = "Oculus.AudioManager.Audio.Editor", "Oculus.AudioManager.Audio.Editor.csproj", "{820078F4-8519-F670-4B92-6B8F57F0F293}"
EndProject
Project("{FAE04EC0-301F-11D3-BF4B-00C04F79EFBC}") = "Meta.Voice.Samples.LiveUnderstanding", "Meta.Voice.Samples.LiveUnderstanding.csproj", "{B10E5E38-2C71-69E5-E0EB-EC2B6C4F415D}"
EndProject
Project("{FAE04EC0-301F-11D3-BF4B-00C04F79EFBC}") = "VoiceSDK.Dictation.Editor", "VoiceSDK.Dictation.Editor.csproj", "{9F6C686F-A300-1EAC-DD86-EA3B2548BDDA}"
EndProject
Project("{FAE04EC0-301F-11D3-BF4B-00C04F79EFBC}") = "AssistantCoreSDKEditor", "AssistantCoreSDKEditor.csproj", "{1BF4375A-D73A-D3B0-18E6-EA2C5ED3368B}"
EndProject
Project("{FAE04EC0-301F-11D3-BF4B-00C04F79EFBC}") = "Meta.VoiceSDK.Mic.WebGL", "Meta.VoiceSDK.Mic.WebGL.csproj", "{87E5F628-56E7-BABF-4AC6-C6EC057F1BFE}"
EndProject
Project("{FAE04EC0-301F-11D3-BF4B-00C04F79EFBC}") = "Meta.Voice.Hub.Runtime", "Meta.Voice.Hub.Runtime.csproj", "{84E5B4BB-9C08-88EC-5518-DEBABF30B360}"
EndProject
Project("{FAE04EC0-301F-11D3-BF4B-00C04F79EFBC}") = "Meta.Voice.Samples.Chess", "Meta.Voice.Samples.Chess.csproj", "{8BFE9305-0C3F-58A9-1ECE-3B1921EA9A83}"
EndProject
Project("{FAE04EC0-301F-11D3-BF4B-00C04F79EFBC}") = "Meta.Voice.Samples.Dictation", "Meta.Voice.Samples.Dictation.csproj", "{A34587A1-8698-6FE6-BA52-E0C8F88A48B9}"
EndProject
Project("{FAE04EC0-301F-11D3-BF4B-00C04F79EFBC}") = "Meta.Voice.Samples.Shapes", "Meta.Voice.Samples.Shapes.csproj", "{1B60EE60-97CE-E8D4-0EE3-1C5E958AFFFF}"
EndProject
Project("{FAE04EC0-301F-11D3-BF4B-00C04F79EFBC}") = "Oculus.Interaction.OVR.Editor", "Oculus.Interaction.OVR.Editor.csproj", "{8595AEB2-9031-D839-D465-2DE074750E29}"
EndProject
Project("{FAE04EC0-301F-11D3-BF4B-00C04F79EFBC}") = "Facebook.Wit.Dictation.Editor", "Facebook.Wit.Dictation.Editor.csproj", "{02FEFD53-DFC4-DBB5-BD30-CF56F318ED4D}"
EndProject
Global
	GlobalSection(SolutionConfigurationPlatforms) = preSolution
		Debug|Any CPU = Debug|Any CPU
		Release|Any CPU = Release|Any CPU
	EndGlobalSection
	GlobalSection(ProjectConfigurationPlatforms) = postSolution
		{4BB7169B-2A88-609A-0583-BA7F4BC9402D}.Debug|Any CPU.ActiveCfg = Debug|Any CPU
		{4BB7169B-2A88-609A-0583-BA7F4BC9402D}.Debug|Any CPU.Build.0 = Debug|Any CPU
		{4BB7169B-2A88-609A-0583-BA7F4BC9402D}.Release|Any CPU.ActiveCfg = Release|Any CPU
		{4BB7169B-2A88-609A-0583-BA7F4BC9402D}.Release|Any CPU.Build.0 = Release|Any CPU
		{23B9EB1A-E4A9-B727-33EC-FA34AB75EA79}.Debug|Any CPU.ActiveCfg = Debug|Any CPU
		{23B9EB1A-E4A9-B727-33EC-FA34AB75EA79}.Debug|Any CPU.Build.0 = Debug|Any CPU
		{23B9EB1A-E4A9-B727-33EC-FA34AB75EA79}.Release|Any CPU.ActiveCfg = Release|Any CPU
		{23B9EB1A-E4A9-B727-33EC-FA34AB75EA79}.Release|Any CPU.Build.0 = Release|Any CPU
		{4728936D-DB13-60C3-F374-1B5463529015}.Debug|Any CPU.ActiveCfg = Debug|Any CPU
		{4728936D-DB13-60C3-F374-1B5463529015}.Debug|Any CPU.Build.0 = Debug|Any CPU
		{4728936D-DB13-60C3-F374-1B5463529015}.Release|Any CPU.ActiveCfg = Release|Any CPU
		{4728936D-DB13-60C3-F374-1B5463529015}.Release|Any CPU.Build.0 = Release|Any CPU
		{634DAB6A-E173-67AA-EDD0-134E2EE6946A}.Debug|Any CPU.ActiveCfg = Debug|Any CPU
		{634DAB6A-E173-67AA-EDD0-134E2EE6946A}.Debug|Any CPU.Build.0 = Debug|Any CPU
		{634DAB6A-E173-67AA-EDD0-134E2EE6946A}.Release|Any CPU.ActiveCfg = Release|Any CPU
		{634DAB6A-E173-67AA-EDD0-134E2EE6946A}.Release|Any CPU.Build.0 = Release|Any CPU
		{F7D9D411-509B-B8C5-9A65-3E018CE984E6}.Debug|Any CPU.ActiveCfg = Debug|Any CPU
		{F7D9D411-509B-B8C5-9A65-3E018CE984E6}.Debug|Any CPU.Build.0 = Debug|Any CPU
		{F7D9D411-509B-B8C5-9A65-3E018CE984E6}.Release|Any CPU.ActiveCfg = Release|Any CPU
		{F7D9D411-509B-B8C5-9A65-3E018CE984E6}.Release|Any CPU.Build.0 = Release|Any CPU
		{AC73005C-8B7C-CA90-A21E-66AFA2BDCB19}.Debug|Any CPU.ActiveCfg = Debug|Any CPU
		{AC73005C-8B7C-CA90-A21E-66AFA2BDCB19}.Debug|Any CPU.Build.0 = Debug|Any CPU
		{AC73005C-8B7C-CA90-A21E-66AFA2BDCB19}.Release|Any CPU.ActiveCfg = Release|Any CPU
		{AC73005C-8B7C-CA90-A21E-66AFA2BDCB19}.Release|Any CPU.Build.0 = Release|Any CPU
		{613A6952-A4AD-36E8-8275-E2E4012566BD}.Debug|Any CPU.ActiveCfg = Debug|Any CPU
		{613A6952-A4AD-36E8-8275-E2E4012566BD}.Debug|Any CPU.Build.0 = Debug|Any CPU
		{613A6952-A4AD-36E8-8275-E2E4012566BD}.Release|Any CPU.ActiveCfg = Release|Any CPU
		{613A6952-A4AD-36E8-8275-E2E4012566BD}.Release|Any CPU.Build.0 = Release|Any CPU
		{5722AE3E-80E3-0921-3B86-3B9E5A2B85EE}.Debug|Any CPU.ActiveCfg = Debug|Any CPU
		{5722AE3E-80E3-0921-3B86-3B9E5A2B85EE}.Debug|Any CPU.Build.0 = Debug|Any CPU
		{5722AE3E-80E3-0921-3B86-3B9E5A2B85EE}.Release|Any CPU.ActiveCfg = Release|Any CPU
		{5722AE3E-80E3-0921-3B86-3B9E5A2B85EE}.Release|Any CPU.Build.0 = Release|Any CPU
		{E7A1CF25-D668-5907-0601-B6296F9ADE33}.Debug|Any CPU.ActiveCfg = Debug|Any CPU
		{E7A1CF25-D668-5907-0601-B6296F9ADE33}.Debug|Any CPU.Build.0 = Debug|Any CPU
		{E7A1CF25-D668-5907-0601-B6296F9ADE33}.Release|Any CPU.ActiveCfg = Release|Any CPU
		{E7A1CF25-D668-5907-0601-B6296F9ADE33}.Release|Any CPU.Build.0 = Release|Any CPU
		{91022342-62A4-51A8-62EC-EC8FD932BDF3}.Debug|Any CPU.ActiveCfg = Debug|Any CPU
		{91022342-62A4-51A8-62EC-EC8FD932BDF3}.Debug|Any CPU.Build.0 = Debug|Any CPU
		{91022342-62A4-51A8-62EC-EC8FD932BDF3}.Release|Any CPU.ActiveCfg = Release|Any CPU
		{91022342-62A4-51A8-62EC-EC8FD932BDF3}.Release|Any CPU.Build.0 = Release|Any CPU
		{ABE9595E-29F9-E2F8-10EA-A1CB8441F25C}.Debug|Any CPU.ActiveCfg = Debug|Any CPU
		{ABE9595E-29F9-E2F8-10EA-A1CB8441F25C}.Debug|Any CPU.Build.0 = Debug|Any CPU
		{ABE9595E-29F9-E2F8-10EA-A1CB8441F25C}.Release|Any CPU.ActiveCfg = Release|Any CPU
		{ABE9595E-29F9-E2F8-10EA-A1CB8441F25C}.Release|Any CPU.Build.0 = Release|Any CPU
		{D5C499CD-7499-6C90-9DA7-B2C4DDD7E8E6}.Debug|Any CPU.ActiveCfg = Debug|Any CPU
		{D5C499CD-7499-6C90-9DA7-B2C4DDD7E8E6}.Debug|Any CPU.Build.0 = Debug|Any CPU
		{D5C499CD-7499-6C90-9DA7-B2C4DDD7E8E6}.Release|Any CPU.ActiveCfg = Release|Any CPU
		{D5C499CD-7499-6C90-9DA7-B2C4DDD7E8E6}.Release|Any CPU.Build.0 = Release|Any CPU
		{A87609A3-ACEA-9DC7-276C-619136DB5DF4}.Debug|Any CPU.ActiveCfg = Debug|Any CPU
		{A87609A3-ACEA-9DC7-276C-619136DB5DF4}.Debug|Any CPU.Build.0 = Debug|Any CPU
		{A87609A3-ACEA-9DC7-276C-619136DB5DF4}.Release|Any CPU.ActiveCfg = Release|Any CPU
		{A87609A3-ACEA-9DC7-276C-619136DB5DF4}.Release|Any CPU.Build.0 = Release|Any CPU
		{89042D0A-0223-D1ED-B305-841014B8EAB0}.Debug|Any CPU.ActiveCfg = Debug|Any CPU
		{89042D0A-0223-D1ED-B305-841014B8EAB0}.Debug|Any CPU.Build.0 = Debug|Any CPU
		{89042D0A-0223-D1ED-B305-841014B8EAB0}.Release|Any CPU.ActiveCfg = Release|Any CPU
		{89042D0A-0223-D1ED-B305-841014B8EAB0}.Release|Any CPU.Build.0 = Release|Any CPU
		{0597007C-34E3-209D-567F-3B888B106E5A}.Debug|Any CPU.ActiveCfg = Debug|Any CPU
		{0597007C-34E3-209D-567F-3B888B106E5A}.Debug|Any CPU.Build.0 = Debug|Any CPU
		{0597007C-34E3-209D-567F-3B888B106E5A}.Release|Any CPU.ActiveCfg = Release|Any CPU
		{0597007C-34E3-209D-567F-3B888B106E5A}.Release|Any CPU.Build.0 = Release|Any CPU
		{683686E2-204E-4FAB-4688-356F010E91DF}.Debug|Any CPU.ActiveCfg = Debug|Any CPU
		{683686E2-204E-4FAB-4688-356F010E91DF}.Debug|Any CPU.Build.0 = Debug|Any CPU
		{683686E2-204E-4FAB-4688-356F010E91DF}.Release|Any CPU.ActiveCfg = Release|Any CPU
		{683686E2-204E-4FAB-4688-356F010E91DF}.Release|Any CPU.Build.0 = Release|Any CPU
		{AD8684B6-E17B-2CF1-AD9E-F2F8DAC89A2B}.Debug|Any CPU.ActiveCfg = Debug|Any CPU
		{AD8684B6-E17B-2CF1-AD9E-F2F8DAC89A2B}.Debug|Any CPU.Build.0 = Debug|Any CPU
		{AD8684B6-E17B-2CF1-AD9E-F2F8DAC89A2B}.Release|Any CPU.ActiveCfg = Release|Any CPU
		{AD8684B6-E17B-2CF1-AD9E-F2F8DAC89A2B}.Release|Any CPU.Build.0 = Release|Any CPU
		{7C122DDA-4765-450B-A1ED-37B27391E699}.Debug|Any CPU.ActiveCfg = Debug|Any CPU
		{7C122DDA-4765-450B-A1ED-37B27391E699}.Debug|Any CPU.Build.0 = Debug|Any CPU
		{7C122DDA-4765-450B-A1ED-37B27391E699}.Release|Any CPU.ActiveCfg = Release|Any CPU
		{7C122DDA-4765-450B-A1ED-37B27391E699}.Release|Any CPU.Build.0 = Release|Any CPU
		{CF188CC4-42EC-DFD4-7AFE-BB1E3541DC1C}.Debug|Any CPU.ActiveCfg = Debug|Any CPU
		{CF188CC4-42EC-DFD4-7AFE-BB1E3541DC1C}.Debug|Any CPU.Build.0 = Debug|Any CPU
		{CF188CC4-42EC-DFD4-7AFE-BB1E3541DC1C}.Release|Any CPU.ActiveCfg = Release|Any CPU
		{CF188CC4-42EC-DFD4-7AFE-BB1E3541DC1C}.Release|Any CPU.Build.0 = Release|Any CPU
		{9C526A75-9F9F-0638-3F61-BE1B938036B1}.Debug|Any CPU.ActiveCfg = Debug|Any CPU
		{9C526A75-9F9F-0638-3F61-BE1B938036B1}.Debug|Any CPU.Build.0 = Debug|Any CPU
		{9C526A75-9F9F-0638-3F61-BE1B938036B1}.Release|Any CPU.ActiveCfg = Release|Any CPU
		{9C526A75-9F9F-0638-3F61-BE1B938036B1}.Release|Any CPU.Build.0 = Release|Any CPU
		{07260213-806F-7038-0617-24E920AC9DDE}.Debug|Any CPU.ActiveCfg = Debug|Any CPU
		{07260213-806F-7038-0617-24E920AC9DDE}.Debug|Any CPU.Build.0 = Debug|Any CPU
		{07260213-806F-7038-0617-24E920AC9DDE}.Release|Any CPU.ActiveCfg = Release|Any CPU
		{07260213-806F-7038-0617-24E920AC9DDE}.Release|Any CPU.Build.0 = Release|Any CPU
		{1999BF04-75DC-14CD-065C-042FA6132C21}.Debug|Any CPU.ActiveCfg = Debug|Any CPU
		{1999BF04-75DC-14CD-065C-042FA6132C21}.Debug|Any CPU.Build.0 = Debug|Any CPU
		{1999BF04-75DC-14CD-065C-042FA6132C21}.Release|Any CPU.ActiveCfg = Release|Any CPU
		{1999BF04-75DC-14CD-065C-042FA6132C21}.Release|Any CPU.Build.0 = Release|Any CPU
		{BBFEF12D-AFFD-4C18-6232-BC06A50EA92E}.Debug|Any CPU.ActiveCfg = Debug|Any CPU
		{BBFEF12D-AFFD-4C18-6232-BC06A50EA92E}.Debug|Any CPU.Build.0 = Debug|Any CPU
		{BBFEF12D-AFFD-4C18-6232-BC06A50EA92E}.Release|Any CPU.ActiveCfg = Release|Any CPU
		{BBFEF12D-AFFD-4C18-6232-BC06A50EA92E}.Release|Any CPU.Build.0 = Release|Any CPU
		{8BC0A7B8-ED40-7106-A147-548AF13295AC}.Debug|Any CPU.ActiveCfg = Debug|Any CPU
		{8BC0A7B8-ED40-7106-A147-548AF13295AC}.Debug|Any CPU.Build.0 = Debug|Any CPU
		{8BC0A7B8-ED40-7106-A147-548AF13295AC}.Release|Any CPU.ActiveCfg = Release|Any CPU
		{8BC0A7B8-ED40-7106-A147-548AF13295AC}.Release|Any CPU.Build.0 = Release|Any CPU
		{F479F7AB-6E97-6AB3-C872-E5446875A059}.Debug|Any CPU.ActiveCfg = Debug|Any CPU
		{F479F7AB-6E97-6AB3-C872-E5446875A059}.Debug|Any CPU.Build.0 = Debug|Any CPU
		{F479F7AB-6E97-6AB3-C872-E5446875A059}.Release|Any CPU.ActiveCfg = Release|Any CPU
		{F479F7AB-6E97-6AB3-C872-E5446875A059}.Release|Any CPU.Build.0 = Release|Any CPU
		{F07832D6-EA95-098C-471B-905DB4ACACF7}.Debug|Any CPU.ActiveCfg = Debug|Any CPU
		{F07832D6-EA95-098C-471B-905DB4ACACF7}.Debug|Any CPU.Build.0 = Debug|Any CPU
		{F07832D6-EA95-098C-471B-905DB4ACACF7}.Release|Any CPU.ActiveCfg = Release|Any CPU
		{F07832D6-EA95-098C-471B-905DB4ACACF7}.Release|Any CPU.Build.0 = Release|Any CPU
		{4893C9B8-7D91-3360-81E0-95184140696D}.Debug|Any CPU.ActiveCfg = Debug|Any CPU
		{4893C9B8-7D91-3360-81E0-95184140696D}.Debug|Any CPU.Build.0 = Debug|Any CPU
		{4893C9B8-7D91-3360-81E0-95184140696D}.Release|Any CPU.ActiveCfg = Release|Any CPU
		{4893C9B8-7D91-3360-81E0-95184140696D}.Release|Any CPU.Build.0 = Release|Any CPU
		{D46E2D66-29A1-349E-8743-57BC612E9D90}.Debug|Any CPU.ActiveCfg = Debug|Any CPU
		{D46E2D66-29A1-349E-8743-57BC612E9D90}.Debug|Any CPU.Build.0 = Debug|Any CPU
		{D46E2D66-29A1-349E-8743-57BC612E9D90}.Release|Any CPU.ActiveCfg = Release|Any CPU
		{D46E2D66-29A1-349E-8743-57BC612E9D90}.Release|Any CPU.Build.0 = Release|Any CPU
		{2B2F9AE6-D276-B8C1-C057-3C843C30DE3D}.Debug|Any CPU.ActiveCfg = Debug|Any CPU
		{2B2F9AE6-D276-B8C1-C057-3C843C30DE3D}.Debug|Any CPU.Build.0 = Debug|Any CPU
		{2B2F9AE6-D276-B8C1-C057-3C843C30DE3D}.Release|Any CPU.ActiveCfg = Release|Any CPU
		{2B2F9AE6-D276-B8C1-C057-3C843C30DE3D}.Release|Any CPU.Build.0 = Release|Any CPU
		{9C4F55C3-048B-FCFA-6445-E1FF48047381}.Debug|Any CPU.ActiveCfg = Debug|Any CPU
		{9C4F55C3-048B-FCFA-6445-E1FF48047381}.Debug|Any CPU.Build.0 = Debug|Any CPU
		{9C4F55C3-048B-FCFA-6445-E1FF48047381}.Release|Any CPU.ActiveCfg = Release|Any CPU
		{9C4F55C3-048B-FCFA-6445-E1FF48047381}.Release|Any CPU.Build.0 = Release|Any CPU
		{E92D1F0F-F5A3-D029-D842-1C2D8A0098D4}.Debug|Any CPU.ActiveCfg = Debug|Any CPU
		{E92D1F0F-F5A3-D029-D842-1C2D8A0098D4}.Debug|Any CPU.Build.0 = Debug|Any CPU
		{E92D1F0F-F5A3-D029-D842-1C2D8A0098D4}.Release|Any CPU.ActiveCfg = Release|Any CPU
		{E92D1F0F-F5A3-D029-D842-1C2D8A0098D4}.Release|Any CPU.Build.0 = Release|Any CPU
		{2A1DD861-87B4-0683-A15F-B5FD24C84B1A}.Debug|Any CPU.ActiveCfg = Debug|Any CPU
		{2A1DD861-87B4-0683-A15F-B5FD24C84B1A}.Debug|Any CPU.Build.0 = Debug|Any CPU
		{2A1DD861-87B4-0683-A15F-B5FD24C84B1A}.Release|Any CPU.ActiveCfg = Release|Any CPU
		{2A1DD861-87B4-0683-A15F-B5FD24C84B1A}.Release|Any CPU.Build.0 = Release|Any CPU
		{565D81A0-49AE-0879-7A6C-9FA94EBD0B80}.Debug|Any CPU.ActiveCfg = Debug|Any CPU
		{565D81A0-49AE-0879-7A6C-9FA94EBD0B80}.Debug|Any CPU.Build.0 = Debug|Any CPU
		{565D81A0-49AE-0879-7A6C-9FA94EBD0B80}.Release|Any CPU.ActiveCfg = Release|Any CPU
		{565D81A0-49AE-0879-7A6C-9FA94EBD0B80}.Release|Any CPU.Build.0 = Release|Any CPU
		{79E30398-474D-2F25-F8EE-77B16BA3F59B}.Debug|Any CPU.ActiveCfg = Debug|Any CPU
		{79E30398-474D-2F25-F8EE-77B16BA3F59B}.Debug|Any CPU.Build.0 = Debug|Any CPU
		{79E30398-474D-2F25-F8EE-77B16BA3F59B}.Release|Any CPU.ActiveCfg = Release|Any CPU
		{79E30398-474D-2F25-F8EE-77B16BA3F59B}.Release|Any CPU.Build.0 = Release|Any CPU
		{86D09374-A08D-D7C2-53E3-41AA03269685}.Debug|Any CPU.ActiveCfg = Debug|Any CPU
		{86D09374-A08D-D7C2-53E3-41AA03269685}.Debug|Any CPU.Build.0 = Debug|Any CPU
		{86D09374-A08D-D7C2-53E3-41AA03269685}.Release|Any CPU.ActiveCfg = Release|Any CPU
		{86D09374-A08D-D7C2-53E3-41AA03269685}.Release|Any CPU.Build.0 = Release|Any CPU
		{5D5E1AAA-20B6-3B11-DB73-E6EC7296EC90}.Debug|Any CPU.ActiveCfg = Debug|Any CPU
		{5D5E1AAA-20B6-3B11-DB73-E6EC7296EC90}.Debug|Any CPU.Build.0 = Debug|Any CPU
		{5D5E1AAA-20B6-3B11-DB73-E6EC7296EC90}.Release|Any CPU.ActiveCfg = Release|Any CPU
		{5D5E1AAA-20B6-3B11-DB73-E6EC7296EC90}.Release|Any CPU.Build.0 = Release|Any CPU
		{15DD8678-59AC-63C3-993C-3181019B0362}.Debug|Any CPU.ActiveCfg = Debug|Any CPU
		{15DD8678-59AC-63C3-993C-3181019B0362}.Debug|Any CPU.Build.0 = Debug|Any CPU
		{15DD8678-59AC-63C3-993C-3181019B0362}.Release|Any CPU.ActiveCfg = Release|Any CPU
		{15DD8678-59AC-63C3-993C-3181019B0362}.Release|Any CPU.Build.0 = Release|Any CPU
		{265D2592-0E3B-DC1D-EFB4-A59B824D3C54}.Debug|Any CPU.ActiveCfg = Debug|Any CPU
		{265D2592-0E3B-DC1D-EFB4-A59B824D3C54}.Debug|Any CPU.Build.0 = Debug|Any CPU
		{265D2592-0E3B-DC1D-EFB4-A59B824D3C54}.Release|Any CPU.ActiveCfg = Release|Any CPU
		{265D2592-0E3B-DC1D-EFB4-A59B824D3C54}.Release|Any CPU.Build.0 = Release|Any CPU
		{796934C4-FA23-D11C-2A25-7BB94E716277}.Debug|Any CPU.ActiveCfg = Debug|Any CPU
		{796934C4-FA23-D11C-2A25-7BB94E716277}.Debug|Any CPU.Build.0 = Debug|Any CPU
		{796934C4-FA23-D11C-2A25-7BB94E716277}.Release|Any CPU.ActiveCfg = Release|Any CPU
		{796934C4-FA23-D11C-2A25-7BB94E716277}.Release|Any CPU.Build.0 = Release|Any CPU
		{DD45700F-DEF1-5B3F-A108-DB8CE8B4A275}.Debug|Any CPU.ActiveCfg = Debug|Any CPU
		{DD45700F-DEF1-5B3F-A108-DB8CE8B4A275}.Debug|Any CPU.Build.0 = Debug|Any CPU
		{DD45700F-DEF1-5B3F-A108-DB8CE8B4A275}.Release|Any CPU.ActiveCfg = Release|Any CPU
		{DD45700F-DEF1-5B3F-A108-DB8CE8B4A275}.Release|Any CPU.Build.0 = Release|Any CPU
		{68509339-EE72-82CF-1880-9E02F558BD6A}.Debug|Any CPU.ActiveCfg = Debug|Any CPU
		{68509339-EE72-82CF-1880-9E02F558BD6A}.Debug|Any CPU.Build.0 = Debug|Any CPU
		{68509339-EE72-82CF-1880-9E02F558BD6A}.Release|Any CPU.ActiveCfg = Release|Any CPU
		{68509339-EE72-82CF-1880-9E02F558BD6A}.Release|Any CPU.Build.0 = Release|Any CPU
		{820078F4-8519-F670-4B92-6B8F57F0F293}.Debug|Any CPU.ActiveCfg = Debug|Any CPU
		{820078F4-8519-F670-4B92-6B8F57F0F293}.Debug|Any CPU.Build.0 = Debug|Any CPU
		{820078F4-8519-F670-4B92-6B8F57F0F293}.Release|Any CPU.ActiveCfg = Release|Any CPU
		{820078F4-8519-F670-4B92-6B8F57F0F293}.Release|Any CPU.Build.0 = Release|Any CPU
		{B10E5E38-2C71-69E5-E0EB-EC2B6C4F415D}.Debug|Any CPU.ActiveCfg = Debug|Any CPU
		{B10E5E38-2C71-69E5-E0EB-EC2B6C4F415D}.Debug|Any CPU.Build.0 = Debug|Any CPU
		{B10E5E38-2C71-69E5-E0EB-EC2B6C4F415D}.Release|Any CPU.ActiveCfg = Release|Any CPU
		{B10E5E38-2C71-69E5-E0EB-EC2B6C4F415D}.Release|Any CPU.Build.0 = Release|Any CPU
		{9F6C686F-A300-1EAC-DD86-EA3B2548BDDA}.Debug|Any CPU.ActiveCfg = Debug|Any CPU
		{9F6C686F-A300-1EAC-DD86-EA3B2548BDDA}.Debug|Any CPU.Build.0 = Debug|Any CPU
		{9F6C686F-A300-1EAC-DD86-EA3B2548BDDA}.Release|Any CPU.ActiveCfg = Release|Any CPU
		{9F6C686F-A300-1EAC-DD86-EA3B2548BDDA}.Release|Any CPU.Build.0 = Release|Any CPU
		{1BF4375A-D73A-D3B0-18E6-EA2C5ED3368B}.Debug|Any CPU.ActiveCfg = Debug|Any CPU
		{1BF4375A-D73A-D3B0-18E6-EA2C5ED3368B}.Debug|Any CPU.Build.0 = Debug|Any CPU
		{1BF4375A-D73A-D3B0-18E6-EA2C5ED3368B}.Release|Any CPU.ActiveCfg = Release|Any CPU
		{1BF4375A-D73A-D3B0-18E6-EA2C5ED3368B}.Release|Any CPU.Build.0 = Release|Any CPU
		{87E5F628-56E7-BABF-4AC6-C6EC057F1BFE}.Debug|Any CPU.ActiveCfg = Debug|Any CPU
		{87E5F628-56E7-BABF-4AC6-C6EC057F1BFE}.Debug|Any CPU.Build.0 = Debug|Any CPU
		{87E5F628-56E7-BABF-4AC6-C6EC057F1BFE}.Release|Any CPU.ActiveCfg = Release|Any CPU
		{87E5F628-56E7-BABF-4AC6-C6EC057F1BFE}.Release|Any CPU.Build.0 = Release|Any CPU
		{84E5B4BB-9C08-88EC-5518-DEBABF30B360}.Debug|Any CPU.ActiveCfg = Debug|Any CPU
		{84E5B4BB-9C08-88EC-5518-DEBABF30B360}.Debug|Any CPU.Build.0 = Debug|Any CPU
		{84E5B4BB-9C08-88EC-5518-DEBABF30B360}.Release|Any CPU.ActiveCfg = Release|Any CPU
		{84E5B4BB-9C08-88EC-5518-DEBABF30B360}.Release|Any CPU.Build.0 = Release|Any CPU
		{8BFE9305-0C3F-58A9-1ECE-3B1921EA9A83}.Debug|Any CPU.ActiveCfg = Debug|Any CPU
		{8BFE9305-0C3F-58A9-1ECE-3B1921EA9A83}.Debug|Any CPU.Build.0 = Debug|Any CPU
		{8BFE9305-0C3F-58A9-1ECE-3B1921EA9A83}.Release|Any CPU.ActiveCfg = Release|Any CPU
		{8BFE9305-0C3F-58A9-1ECE-3B1921EA9A83}.Release|Any CPU.Build.0 = Release|Any CPU
		{A34587A1-8698-6FE6-BA52-E0C8F88A48B9}.Debug|Any CPU.ActiveCfg = Debug|Any CPU
		{A34587A1-8698-6FE6-BA52-E0C8F88A48B9}.Debug|Any CPU.Build.0 = Debug|Any CPU
		{A34587A1-8698-6FE6-BA52-E0C8F88A48B9}.Release|Any CPU.ActiveCfg = Release|Any CPU
		{A34587A1-8698-6FE6-BA52-E0C8F88A48B9}.Release|Any CPU.Build.0 = Release|Any CPU
		{1B60EE60-97CE-E8D4-0EE3-1C5E958AFFFF}.Debug|Any CPU.ActiveCfg = Debug|Any CPU
		{1B60EE60-97CE-E8D4-0EE3-1C5E958AFFFF}.Debug|Any CPU.Build.0 = Debug|Any CPU
		{1B60EE60-97CE-E8D4-0EE3-1C5E958AFFFF}.Release|Any CPU.ActiveCfg = Release|Any CPU
		{1B60EE60-97CE-E8D4-0EE3-1C5E958AFFFF}.Release|Any CPU.Build.0 = Release|Any CPU
		{8595AEB2-9031-D839-D465-2DE074750E29}.Debug|Any CPU.ActiveCfg = Debug|Any CPU
		{8595AEB2-9031-D839-D465-2DE074750E29}.Debug|Any CPU.Build.0 = Debug|Any CPU
		{8595AEB2-9031-D839-D465-2DE074750E29}.Release|Any CPU.ActiveCfg = Release|Any CPU
		{8595AEB2-9031-D839-D465-2DE074750E29}.Release|Any CPU.Build.0 = Release|Any CPU
		{02FEFD53-DFC4-DBB5-BD30-CF56F318ED4D}.Debug|Any CPU.ActiveCfg = Debug|Any CPU
		{02FEFD53-DFC4-DBB5-BD30-CF56F318ED4D}.Debug|Any CPU.Build.0 = Debug|Any CPU
		{02FEFD53-DFC4-DBB5-BD30-CF56F318ED4D}.Release|Any CPU.ActiveCfg = Release|Any CPU
		{02FEFD53-DFC4-DBB5-BD30-CF56F318ED4D}.Release|Any CPU.Build.0 = Release|Any CPU
	EndGlobalSection
	GlobalSection(SolutionProperties) = preSolution
		HideSolutionNode = FALSE
	EndGlobalSection
EndGlobal
