
Microsoft Visual Studio Solution File, Format Version 12.00
# Visual Studio 15
Project("{FAE04EC0-301F-11D3-BF4B-00C04F79EFBC}") = "Meta.WitAi.Conduit", "Meta.WitAi.Conduit.csproj", "{17D7E76C-E7B5-1F96-586A-B33779FCF5BA}"
EndProject
Project("{FAE04EC0-301F-11D3-BF4B-00C04F79EFBC}") = "Oculus.VR", "Oculus.VR.csproj", "{3FE91ED4-14C3-ACAD-E99F-6D8DB89DE6F0}"
EndProject
Project("{FAE04EC0-301F-11D3-BF4B-00C04F79EFBC}") = "Oculus.Interaction", "Oculus.Interaction.csproj", "{D2CF25D2-316B-3315-03A8-596BEAFDF1EA}"
EndProject
Project("{FAE04EC0-301F-11D3-BF4B-00C04F79EFBC}") = "Oculus.Interaction.Editor", "Oculus.Interaction.Editor.csproj", "{AE2B1F93-540F-8C2B-5979-FD4DC48D3669}"
EndProject
Project("{FAE04EC0-301F-11D3-BF4B-00C04F79EFBC}") = "Oculus.Platform", "Oculus.Platform.csproj", "{1822881F-7071-13D2-27C0-9DDED803905A}"
EndProject
Project("{FAE04EC0-301F-11D3-BF4B-00C04F79EFBC}") = "VoiceSDK.Telemetry", "VoiceSDK.Telemetry.csproj", "{3D0C7A8B-0CB0-C286-2DAD-F6150DA4A1EB}"
EndProject
Project("{FAE04EC0-301F-11D3-BF4B-00C04F79EFBC}") = "Assembly-CSharp", "Assembly-CSharp.csproj", "{01D1D36D-8CA0-93A0-6FD2-B06B89456517}"
EndProject
Project("{FAE04EC0-301F-11D3-BF4B-00C04F79EFBC}") = "Oculus.Interaction.OVR.Samples", "Oculus.Interaction.OVR.Samples.csproj", "{A5926AEE-3489-8AB3-A762-0B1094369D67}"
EndProject
Project("{FAE04EC0-301F-11D3-BF4B-00C04F79EFBC}") = "Meta.WitAi.Lib", "Meta.WitAi.Lib.csproj", "{4E6BD6A3-89FB-2EE8-21CD-A6C2AD999536}"
EndProject
Project("{FAE04EC0-301F-11D3-BF4B-00C04F79EFBC}") = "Meta.WitAi.Editor", "Meta.WitAi.Editor.csproj", "{1F5C3FEB-6C2F-2ACD-7A51-C566D6467494}"
EndProject
Project("{FAE04EC0-301F-11D3-BF4B-00C04F79EFBC}") = "Meta.WitAi.Conduit.Editor", "Meta.WitAi.Conduit.Editor.csproj", "{AFCE9359-331F-83C2-53DB-F16820FC1F36}"
EndProject
Project("{FAE04EC0-301F-11D3-BF4B-00C04F79EFBC}") = "Meta.WitAi", "Meta.WitAi.csproj", "{302BD0FA-AEE8-24B0-AFE0-FF3EDCFB073A}"
EndProject
Project("{FAE04EC0-301F-11D3-BF4B-00C04F79EFBC}") = "Oculus.VR.Editor", "Oculus.VR.Editor.csproj", "{D8A93C5F-C15A-37FE-F0B9-61FDB6BB2C07}"
EndProject
Project("{FAE04EC0-301F-11D3-BF4B-00C04F79EFBC}") = "Oculus.LipSync", "Oculus.LipSync.csproj", "{13BFF588-9889-FF8E-3C08-3C7BFE58ECA6}"
EndProject
Project("{FAE04EC0-301F-11D3-BF4B-00C04F79EFBC}") = "Oculus.Interaction.OVR", "Oculus.Interaction.OVR.csproj", "{1E261C57-646C-5327-A4B0-7A136AE2E886}"
EndProject
Project("{FAE04EC0-301F-11D3-BF4B-00C04F79EFBC}") = "VoiceSDK.Editor", "VoiceSDK.Editor.csproj", "{F59D7148-DE7C-1B10-3B0D-361C5BE421BC}"
EndProject
Project("{FAE04EC0-301F-11D3-BF4B-00C04F79EFBC}") = "Meta.WitAI.Lib.Editor", "Meta.WitAI.Lib.Editor.csproj", "{E0AD71E2-4A14-25E2-BD48-D15BB9841064}"
EndProject
Project("{FAE04EC0-301F-11D3-BF4B-00C04F79EFBC}") = "Oculus.AudioManager", "Oculus.AudioManager.csproj", "{3C4E28C7-595F-FE81-8BC1-12AA601BE8A9}"
EndProject
Project("{FAE04EC0-301F-11D3-BF4B-00C04F79EFBC}") = "Meta.Voice.Samples.BuiltInTimer", "Meta.Voice.Samples.BuiltInTimer.csproj", "{A2562A88-F2D2-2C35-E0A1-D856B2FBD002}"
EndProject
Project("{FAE04EC0-301F-11D3-BF4B-00C04F79EFBC}") = "Meta.Voice.VSDKHub.Editor", "Meta.Voice.VSDKHub.Editor.csproj", "{7165BE51-32B9-0AAA-7C68-9FA1C09262A6}"
EndProject
Project("{FAE04EC0-301F-11D3-BF4B-00C04F79EFBC}") = "VoiceSDK.Dictation.Runtime", "VoiceSDK.Dictation.Runtime.csproj", "{61EF0B78-B0F8-F105-6AF2-4CF367FFC012}"
EndProject
Project("{FAE04EC0-301F-11D3-BF4B-00C04F79EFBC}") = "Meta.WitAi.TTS", "Meta.WitAi.TTS.csproj", "{05A96647-AFA2-E62A-0C72-1177AAB5DB23}"
EndProject
Project("{FAE04EC0-301F-11D3-BF4B-00C04F79EFBC}") = "AssistantCoreSDKRuntime", "AssistantCoreSDKRuntime.csproj", "{0B9C45F4-B5A4-E873-BE2D-7E179641E393}"
EndProject
Project("{FAE04EC0-301F-11D3-BF4B-00C04F79EFBC}") = "Assembly-CSharp-Editor", "Assembly-CSharp-Editor.csproj", "{5C7897FD-6C55-F5EE-8044-79131467ADF5}"
EndProject
Project("{FAE04EC0-301F-11D3-BF4B-00C04F79EFBC}") = "Meta.Voice.Samples.TTSVoices", "Meta.Voice.Samples.TTSVoices.csproj", "{A7FFE9F4-E9BF-9B6A-5DA0-D8317CA32739}"
EndProject
Project("{FAE04EC0-301F-11D3-BF4B-00C04F79EFBC}") = "VoiceSDK.Runtime", "VoiceSDK.Runtime.csproj", "{CB0EB261-ED91-8231-D206-9026739433A3}"
EndProject
Project("{FAE04EC0-301F-11D3-BF4B-00C04F79EFBC}") = "Oculus.VR.Scripts.Editor", "Oculus.VR.Scripts.Editor.csproj", "{F35255C7-E5F5-5152-F0C3-3B47A3C740EF}"
EndProject
Project("{FAE04EC0-301F-11D3-BF4B-00C04F79EFBC}") = "Meta.Voice.Samples.LightTraits", "Meta.Voice.Samples.LightTraits.csproj", "{51928732-2BC7-B4C4-430B-C41B894D546A}"
EndProject
Project("{FAE04EC0-301F-11D3-BF4B-00C04F79EFBC}") = "Meta.Voice.Hub.Editor", "Meta.Voice.Hub.Editor.csproj", "{68538CC2-768E-A82E-2ECA-E9A89C7C8B2A}"
EndProject
Project("{FAE04EC0-301F-11D3-BF4B-00C04F79EFBC}") = "Oculus.Interaction.Samples.Editor", "Oculus.Interaction.Samples.Editor.csproj", "{DDC918D6-6F1F-57F3-8452-02A18AF4720E}"
EndProject
Project("{FAE04EC0-301F-11D3-BF4B-00C04F79EFBC}") = "Meta.WitAi.TTS.Editor", "Meta.WitAi.TTS.Editor.csproj", "{FB9AF193-55AA-1E7E-03A6-DCA864037563}"
EndProject
Project("{FAE04EC0-301F-11D3-BF4B-00C04F79EFBC}") = "Oculus.Platform.Editor", "Oculus.Platform.Editor.csproj", "{2422086E-378F-27A3-52A1-7B5C1486997E}"
EndProject
Project("{FAE04EC0-301F-11D3-BF4B-00C04F79EFBC}") = "Facebook.Wit.Dictation", "Facebook.Wit.Dictation.csproj", "{D347CF9F-C9DA-9C2E-9E93-FBF42DD2022A}"
EndProject
Project("{FAE04EC0-301F-11D3-BF4B-00C04F79EFBC}") = "Oculus.Spatializer.Editor", "Oculus.Spatializer.Editor.csproj", "{6D6F69B8-0533-E4DF-FD81-712CA8D30518}"
EndProject
Project("{FAE04EC0-301F-11D3-BF4B-00C04F79EFBC}") = "Oculus.LipSync.Editor", "Oculus.LipSync.Editor.csproj", "{A9A7EE1D-8652-4802-7328-643698BBE248}"
EndProject
Project("{FAE04EC0-301F-11D3-BF4B-00C04F79EFBC}") = "Oculus.AudioManager.Utils.Editor", "Oculus.AudioManager.Utils.Editor.csproj", "{223C9345-6915-F04A-71C3-B00F60002FF2}"
EndProject
Project("{FAE04EC0-301F-11D3-BF4B-00C04F79EFBC}") = "Meta.VoiceSDK.Mic.Common", "Meta.VoiceSDK.Mic.Common.csproj", "{41BDE598-7A24-EFBB-142A-B4F825EE9C46}"
EndProject
Project("{FAE04EC0-301F-11D3-BF4B-00C04F79EFBC}") = "Meta.Voice.Samples.ShapesConduit", "Meta.Voice.Samples.ShapesConduit.csproj", "{F589B8E3-0765-BC51-832A-6DD62530D6E7}"
EndProject
Project("{FAE04EC0-301F-11D3-BF4B-00C04F79EFBC}") = "Oculus.Spatializer", "Oculus.Spatializer.csproj", "{57DAD736-88E1-95A0-7E00-54BE32889D13}"
EndProject
Project("{FAE04EC0-301F-11D3-BF4B-00C04F79EFBC}") = "Meta.VoiceSDK.Mic.Other", "Meta.VoiceSDK.Mic.Other.csproj", "{CF6BB728-C333-06D9-7094-26BF8B00879D}"
EndProject
Project("{FAE04EC0-301F-11D3-BF4B-00C04F79EFBC}") = "Oculus.Interaction.InterfaceSupport", "Oculus.Interaction.InterfaceSupport.csproj", "{3E3E2AE6-D02E-54B6-C9D6-0562D1436A32}"
EndProject
Project("{FAE04EC0-301F-11D3-BF4B-00C04F79EFBC}") = "Oculus.AudioManager.Audio.Editor", "Oculus.AudioManager.Audio.Editor.csproj", "{7711901F-1612-CE70-621B-BCED37835600}"
EndProject
Project("{FAE04EC0-301F-11D3-BF4B-00C04F79EFBC}") = "Meta.Voice.Samples.LiveUnderstanding", "Meta.Voice.Samples.LiveUnderstanding.csproj", "{93009702-8E74-BD00-0CD8-8E9DFA0AD2AC}"
EndProject
Project("{FAE04EC0-301F-11D3-BF4B-00C04F79EFBC}") = "VoiceSDK.Dictation.Editor", "VoiceSDK.Dictation.Editor.csproj", "{6318F6C7-C524-FD7D-A3CB-4CE15B2B4490}"
EndProject
Project("{FAE04EC0-301F-11D3-BF4B-00C04F79EFBC}") = "AssistantCoreSDKEditor", "AssistantCoreSDKEditor.csproj", "{845A8792-36CF-CA58-3E20-B03D1853E54B}"
EndProject
Project("{FAE04EC0-301F-11D3-BF4B-00C04F79EFBC}") = "Meta.VoiceSDK.Mic.WebGL", "Meta.VoiceSDK.Mic.WebGL.csproj", "{E58316E7-B752-7C32-DAC3-A371526DA17D}"
EndProject
Project("{FAE04EC0-301F-11D3-BF4B-00C04F79EFBC}") = "Meta.Voice.Hub.Runtime", "Meta.Voice.Hub.Runtime.csproj", "{C0790268-357E-BF8F-A18B-087E608E8D0B}"
EndProject
Project("{FAE04EC0-301F-11D3-BF4B-00C04F79EFBC}") = "Meta.Voice.Samples.Chess", "Meta.Voice.Samples.Chess.csproj", "{45AFD602-9418-60CA-0236-752D3EDBDC82}"
EndProject
Project("{FAE04EC0-301F-11D3-BF4B-00C04F79EFBC}") = "Meta.Voice.Samples.Dictation", "Meta.Voice.Samples.Dictation.csproj", "{337F3D7C-00FA-00B6-32A1-5991A71AFA83}"
EndProject
Project("{FAE04EC0-301F-11D3-BF4B-00C04F79EFBC}") = "Meta.Voice.Samples.Shapes", "Meta.Voice.Samples.Shapes.csproj", "{7196CC14-855B-52F2-CBB9-3DBAA9B28BB0}"
EndProject
Project("{FAE04EC0-301F-11D3-BF4B-00C04F79EFBC}") = "Oculus.Interaction.OVR.Editor", "Oculus.Interaction.OVR.Editor.csproj", "{93196101-35FB-C6FF-DEF0-51A7818B4DFB}"
EndProject
Project("{FAE04EC0-301F-11D3-BF4B-00C04F79EFBC}") = "Facebook.Wit.Dictation.Editor", "Facebook.Wit.Dictation.Editor.csproj", "{2AFA9754-98C7-CD53-73DB-8AF3DB755B09}"
EndProject
Global
	GlobalSection(SolutionConfigurationPlatforms) = preSolution
		Debug|Any CPU = Debug|Any CPU
		Release|Any CPU = Release|Any CPU
	EndGlobalSection
	GlobalSection(ProjectConfigurationPlatforms) = postSolution
		{17D7E76C-E7B5-1F96-586A-B33779FCF5BA}.Debug|Any CPU.ActiveCfg = Debug|Any CPU
		{17D7E76C-E7B5-1F96-586A-B33779FCF5BA}.Debug|Any CPU.Build.0 = Debug|Any CPU
		{17D7E76C-E7B5-1F96-586A-B33779FCF5BA}.Release|Any CPU.ActiveCfg = Release|Any CPU
		{17D7E76C-E7B5-1F96-586A-B33779FCF5BA}.Release|Any CPU.Build.0 = Release|Any CPU
		{3FE91ED4-14C3-ACAD-E99F-6D8DB89DE6F0}.Debug|Any CPU.ActiveCfg = Debug|Any CPU
		{3FE91ED4-14C3-ACAD-E99F-6D8DB89DE6F0}.Debug|Any CPU.Build.0 = Debug|Any CPU
		{3FE91ED4-14C3-ACAD-E99F-6D8DB89DE6F0}.Release|Any CPU.ActiveCfg = Release|Any CPU
		{3FE91ED4-14C3-ACAD-E99F-6D8DB89DE6F0}.Release|Any CPU.Build.0 = Release|Any CPU
		{D2CF25D2-316B-3315-03A8-596BEAFDF1EA}.Debug|Any CPU.ActiveCfg = Debug|Any CPU
		{D2CF25D2-316B-3315-03A8-596BEAFDF1EA}.Debug|Any CPU.Build.0 = Debug|Any CPU
		{D2CF25D2-316B-3315-03A8-596BEAFDF1EA}.Release|Any CPU.ActiveCfg = Release|Any CPU
		{D2CF25D2-316B-3315-03A8-596BEAFDF1EA}.Release|Any CPU.Build.0 = Release|Any CPU
		{AE2B1F93-540F-8C2B-5979-FD4DC48D3669}.Debug|Any CPU.ActiveCfg = Debug|Any CPU
		{AE2B1F93-540F-8C2B-5979-FD4DC48D3669}.Debug|Any CPU.Build.0 = Debug|Any CPU
		{AE2B1F93-540F-8C2B-5979-FD4DC48D3669}.Release|Any CPU.ActiveCfg = Release|Any CPU
		{AE2B1F93-540F-8C2B-5979-FD4DC48D3669}.Release|Any CPU.Build.0 = Release|Any CPU
		{1822881F-7071-13D2-27C0-9DDED803905A}.Debug|Any CPU.ActiveCfg = Debug|Any CPU
		{1822881F-7071-13D2-27C0-9DDED803905A}.Debug|Any CPU.Build.0 = Debug|Any CPU
		{1822881F-7071-13D2-27C0-9DDED803905A}.Release|Any CPU.ActiveCfg = Release|Any CPU
		{1822881F-7071-13D2-27C0-9DDED803905A}.Release|Any CPU.Build.0 = Release|Any CPU
		{3D0C7A8B-0CB0-C286-2DAD-F6150DA4A1EB}.Debug|Any CPU.ActiveCfg = Debug|Any CPU
		{3D0C7A8B-0CB0-C286-2DAD-F6150DA4A1EB}.Debug|Any CPU.Build.0 = Debug|Any CPU
		{3D0C7A8B-0CB0-C286-2DAD-F6150DA4A1EB}.Release|Any CPU.ActiveCfg = Release|Any CPU
		{3D0C7A8B-0CB0-C286-2DAD-F6150DA4A1EB}.Release|Any CPU.Build.0 = Release|Any CPU
		{01D1D36D-8CA0-93A0-6FD2-B06B89456517}.Debug|Any CPU.ActiveCfg = Debug|Any CPU
		{01D1D36D-8CA0-93A0-6FD2-B06B89456517}.Debug|Any CPU.Build.0 = Debug|Any CPU
		{01D1D36D-8CA0-93A0-6FD2-B06B89456517}.Release|Any CPU.ActiveCfg = Release|Any CPU
		{01D1D36D-8CA0-93A0-6FD2-B06B89456517}.Release|Any CPU.Build.0 = Release|Any CPU
		{A5926AEE-3489-8AB3-A762-0B1094369D67}.Debug|Any CPU.ActiveCfg = Debug|Any CPU
		{A5926AEE-3489-8AB3-A762-0B1094369D67}.Debug|Any CPU.Build.0 = Debug|Any CPU
		{A5926AEE-3489-8AB3-A762-0B1094369D67}.Release|Any CPU.ActiveCfg = Release|Any CPU
		{A5926AEE-3489-8AB3-A762-0B1094369D67}.Release|Any CPU.Build.0 = Release|Any CPU
		{4E6BD6A3-89FB-2EE8-21CD-A6C2AD999536}.Debug|Any CPU.ActiveCfg = Debug|Any CPU
		{4E6BD6A3-89FB-2EE8-21CD-A6C2AD999536}.Debug|Any CPU.Build.0 = Debug|Any CPU
		{4E6BD6A3-89FB-2EE8-21CD-A6C2AD999536}.Release|Any CPU.ActiveCfg = Release|Any CPU
		{4E6BD6A3-89FB-2EE8-21CD-A6C2AD999536}.Release|Any CPU.Build.0 = Release|Any CPU
		{1F5C3FEB-6C2F-2ACD-7A51-C566D6467494}.Debug|Any CPU.ActiveCfg = Debug|Any CPU
		{1F5C3FEB-6C2F-2ACD-7A51-C566D6467494}.Debug|Any CPU.Build.0 = Debug|Any CPU
		{1F5C3FEB-6C2F-2ACD-7A51-C566D6467494}.Release|Any CPU.ActiveCfg = Release|Any CPU
		{1F5C3FEB-6C2F-2ACD-7A51-C566D6467494}.Release|Any CPU.Build.0 = Release|Any CPU
		{AFCE9359-331F-83C2-53DB-F16820FC1F36}.Debug|Any CPU.ActiveCfg = Debug|Any CPU
		{AFCE9359-331F-83C2-53DB-F16820FC1F36}.Debug|Any CPU.Build.0 = Debug|Any CPU
		{AFCE9359-331F-83C2-53DB-F16820FC1F36}.Release|Any CPU.ActiveCfg = Release|Any CPU
		{AFCE9359-331F-83C2-53DB-F16820FC1F36}.Release|Any CPU.Build.0 = Release|Any CPU
		{302BD0FA-AEE8-24B0-AFE0-FF3EDCFB073A}.Debug|Any CPU.ActiveCfg = Debug|Any CPU
		{302BD0FA-AEE8-24B0-AFE0-FF3EDCFB073A}.Debug|Any CPU.Build.0 = Debug|Any CPU
		{302BD0FA-AEE8-24B0-AFE0-FF3EDCFB073A}.Release|Any CPU.ActiveCfg = Release|Any CPU
		{302BD0FA-AEE8-24B0-AFE0-FF3EDCFB073A}.Release|Any CPU.Build.0 = Release|Any CPU
		{D8A93C5F-C15A-37FE-F0B9-61FDB6BB2C07}.Debug|Any CPU.ActiveCfg = Debug|Any CPU
		{D8A93C5F-C15A-37FE-F0B9-61FDB6BB2C07}.Debug|Any CPU.Build.0 = Debug|Any CPU
		{D8A93C5F-C15A-37FE-F0B9-61FDB6BB2C07}.Release|Any CPU.ActiveCfg = Release|Any CPU
		{D8A93C5F-C15A-37FE-F0B9-61FDB6BB2C07}.Release|Any CPU.Build.0 = Release|Any CPU
		{13BFF588-9889-FF8E-3C08-3C7BFE58ECA6}.Debug|Any CPU.ActiveCfg = Debug|Any CPU
		{13BFF588-9889-FF8E-3C08-3C7BFE58ECA6}.Debug|Any CPU.Build.0 = Debug|Any CPU
		{13BFF588-9889-FF8E-3C08-3C7BFE58ECA6}.Release|Any CPU.ActiveCfg = Release|Any CPU
		{13BFF588-9889-FF8E-3C08-3C7BFE58ECA6}.Release|Any CPU.Build.0 = Release|Any CPU
		{1E261C57-646C-5327-A4B0-7A136AE2E886}.Debug|Any CPU.ActiveCfg = Debug|Any CPU
		{1E261C57-646C-5327-A4B0-7A136AE2E886}.Debug|Any CPU.Build.0 = Debug|Any CPU
		{1E261C57-646C-5327-A4B0-7A136AE2E886}.Release|Any CPU.ActiveCfg = Release|Any CPU
		{1E261C57-646C-5327-A4B0-7A136AE2E886}.Release|Any CPU.Build.0 = Release|Any CPU
		{F59D7148-DE7C-1B10-3B0D-361C5BE421BC}.Debug|Any CPU.ActiveCfg = Debug|Any CPU
		{F59D7148-DE7C-1B10-3B0D-361C5BE421BC}.Debug|Any CPU.Build.0 = Debug|Any CPU
		{F59D7148-DE7C-1B10-3B0D-361C5BE421BC}.Release|Any CPU.ActiveCfg = Release|Any CPU
		{F59D7148-DE7C-1B10-3B0D-361C5BE421BC}.Release|Any CPU.Build.0 = Release|Any CPU
		{E0AD71E2-4A14-25E2-BD48-D15BB9841064}.Debug|Any CPU.ActiveCfg = Debug|Any CPU
		{E0AD71E2-4A14-25E2-BD48-D15BB9841064}.Debug|Any CPU.Build.0 = Debug|Any CPU
		{E0AD71E2-4A14-25E2-BD48-D15BB9841064}.Release|Any CPU.ActiveCfg = Release|Any CPU
		{E0AD71E2-4A14-25E2-BD48-D15BB9841064}.Release|Any CPU.Build.0 = Release|Any CPU
		{3C4E28C7-595F-FE81-8BC1-12AA601BE8A9}.Debug|Any CPU.ActiveCfg = Debug|Any CPU
		{3C4E28C7-595F-FE81-8BC1-12AA601BE8A9}.Debug|Any CPU.Build.0 = Debug|Any CPU
		{3C4E28C7-595F-FE81-8BC1-12AA601BE8A9}.Release|Any CPU.ActiveCfg = Release|Any CPU
		{3C4E28C7-595F-FE81-8BC1-12AA601BE8A9}.Release|Any CPU.Build.0 = Release|Any CPU
		{A2562A88-F2D2-2C35-E0A1-D856B2FBD002}.Debug|Any CPU.ActiveCfg = Debug|Any CPU
		{A2562A88-F2D2-2C35-E0A1-D856B2FBD002}.Debug|Any CPU.Build.0 = Debug|Any CPU
		{A2562A88-F2D2-2C35-E0A1-D856B2FBD002}.Release|Any CPU.ActiveCfg = Release|Any CPU
		{A2562A88-F2D2-2C35-E0A1-D856B2FBD002}.Release|Any CPU.Build.0 = Release|Any CPU
		{7165BE51-32B9-0AAA-7C68-9FA1C09262A6}.Debug|Any CPU.ActiveCfg = Debug|Any CPU
		{7165BE51-32B9-0AAA-7C68-9FA1C09262A6}.Debug|Any CPU.Build.0 = Debug|Any CPU
		{7165BE51-32B9-0AAA-7C68-9FA1C09262A6}.Release|Any CPU.ActiveCfg = Release|Any CPU
		{7165BE51-32B9-0AAA-7C68-9FA1C09262A6}.Release|Any CPU.Build.0 = Release|Any CPU
		{61EF0B78-B0F8-F105-6AF2-4CF367FFC012}.Debug|Any CPU.ActiveCfg = Debug|Any CPU
		{61EF0B78-B0F8-F105-6AF2-4CF367FFC012}.Debug|Any CPU.Build.0 = Debug|Any CPU
		{61EF0B78-B0F8-F105-6AF2-4CF367FFC012}.Release|Any CPU.ActiveCfg = Release|Any CPU
		{61EF0B78-B0F8-F105-6AF2-4CF367FFC012}.Release|Any CPU.Build.0 = Release|Any CPU
		{05A96647-AFA2-E62A-0C72-1177AAB5DB23}.Debug|Any CPU.ActiveCfg = Debug|Any CPU
		{05A96647-AFA2-E62A-0C72-1177AAB5DB23}.Debug|Any CPU.Build.0 = Debug|Any CPU
		{05A96647-AFA2-E62A-0C72-1177AAB5DB23}.Release|Any CPU.ActiveCfg = Release|Any CPU
		{05A96647-AFA2-E62A-0C72-1177AAB5DB23}.Release|Any CPU.Build.0 = Release|Any CPU
		{0B9C45F4-B5A4-E873-BE2D-7E179641E393}.Debug|Any CPU.ActiveCfg = Debug|Any CPU
		{0B9C45F4-B5A4-E873-BE2D-7E179641E393}.Debug|Any CPU.Build.0 = Debug|Any CPU
		{0B9C45F4-B5A4-E873-BE2D-7E179641E393}.Release|Any CPU.ActiveCfg = Release|Any CPU
		{0B9C45F4-B5A4-E873-BE2D-7E179641E393}.Release|Any CPU.Build.0 = Release|Any CPU
		{5C7897FD-6C55-F5EE-8044-79131467ADF5}.Debug|Any CPU.ActiveCfg = Debug|Any CPU
		{5C7897FD-6C55-F5EE-8044-79131467ADF5}.Debug|Any CPU.Build.0 = Debug|Any CPU
		{5C7897FD-6C55-F5EE-8044-79131467ADF5}.Release|Any CPU.ActiveCfg = Release|Any CPU
		{5C7897FD-6C55-F5EE-8044-79131467ADF5}.Release|Any CPU.Build.0 = Release|Any CPU
		{A7FFE9F4-E9BF-9B6A-5DA0-D8317CA32739}.Debug|Any CPU.ActiveCfg = Debug|Any CPU
		{A7FFE9F4-E9BF-9B6A-5DA0-D8317CA32739}.Debug|Any CPU.Build.0 = Debug|Any CPU
		{A7FFE9F4-E9BF-9B6A-5DA0-D8317CA32739}.Release|Any CPU.ActiveCfg = Release|Any CPU
		{A7FFE9F4-E9BF-9B6A-5DA0-D8317CA32739}.Release|Any CPU.Build.0 = Release|Any CPU
		{CB0EB261-ED91-8231-D206-9026739433A3}.Debug|Any CPU.ActiveCfg = Debug|Any CPU
		{CB0EB261-ED91-8231-D206-9026739433A3}.Debug|Any CPU.Build.0 = Debug|Any CPU
		{CB0EB261-ED91-8231-D206-9026739433A3}.Release|Any CPU.ActiveCfg = Release|Any CPU
		{CB0EB261-ED91-8231-D206-9026739433A3}.Release|Any CPU.Build.0 = Release|Any CPU
		{F35255C7-E5F5-5152-F0C3-3B47A3C740EF}.Debug|Any CPU.ActiveCfg = Debug|Any CPU
		{F35255C7-E5F5-5152-F0C3-3B47A3C740EF}.Debug|Any CPU.Build.0 = Debug|Any CPU
		{F35255C7-E5F5-5152-F0C3-3B47A3C740EF}.Release|Any CPU.ActiveCfg = Release|Any CPU
		{F35255C7-E5F5-5152-F0C3-3B47A3C740EF}.Release|Any CPU.Build.0 = Release|Any CPU
		{51928732-2BC7-B4C4-430B-C41B894D546A}.Debug|Any CPU.ActiveCfg = Debug|Any CPU
		{51928732-2BC7-B4C4-430B-C41B894D546A}.Debug|Any CPU.Build.0 = Debug|Any CPU
		{51928732-2BC7-B4C4-430B-C41B894D546A}.Release|Any CPU.ActiveCfg = Release|Any CPU
		{51928732-2BC7-B4C4-430B-C41B894D546A}.Release|Any CPU.Build.0 = Release|Any CPU
		{68538CC2-768E-A82E-2ECA-E9A89C7C8B2A}.Debug|Any CPU.ActiveCfg = Debug|Any CPU
		{68538CC2-768E-A82E-2ECA-E9A89C7C8B2A}.Debug|Any CPU.Build.0 = Debug|Any CPU
		{68538CC2-768E-A82E-2ECA-E9A89C7C8B2A}.Release|Any CPU.ActiveCfg = Release|Any CPU
		{68538CC2-768E-A82E-2ECA-E9A89C7C8B2A}.Release|Any CPU.Build.0 = Release|Any CPU
		{DDC918D6-6F1F-57F3-8452-02A18AF4720E}.Debug|Any CPU.ActiveCfg = Debug|Any CPU
		{DDC918D6-6F1F-57F3-8452-02A18AF4720E}.Debug|Any CPU.Build.0 = Debug|Any CPU
		{DDC918D6-6F1F-57F3-8452-02A18AF4720E}.Release|Any CPU.ActiveCfg = Release|Any CPU
		{DDC918D6-6F1F-57F3-8452-02A18AF4720E}.Release|Any CPU.Build.0 = Release|Any CPU
		{FB9AF193-55AA-1E7E-03A6-DCA864037563}.Debug|Any CPU.ActiveCfg = Debug|Any CPU
		{FB9AF193-55AA-1E7E-03A6-DCA864037563}.Debug|Any CPU.Build.0 = Debug|Any CPU
		{FB9AF193-55AA-1E7E-03A6-DCA864037563}.Release|Any CPU.ActiveCfg = Release|Any CPU
		{FB9AF193-55AA-1E7E-03A6-DCA864037563}.Release|Any CPU.Build.0 = Release|Any CPU
		{2422086E-378F-27A3-52A1-7B5C1486997E}.Debug|Any CPU.ActiveCfg = Debug|Any CPU
		{2422086E-378F-27A3-52A1-7B5C1486997E}.Debug|Any CPU.Build.0 = Debug|Any CPU
		{2422086E-378F-27A3-52A1-7B5C1486997E}.Release|Any CPU.ActiveCfg = Release|Any CPU
		{2422086E-378F-27A3-52A1-7B5C1486997E}.Release|Any CPU.Build.0 = Release|Any CPU
		{D347CF9F-C9DA-9C2E-9E93-FBF42DD2022A}.Debug|Any CPU.ActiveCfg = Debug|Any CPU
		{D347CF9F-C9DA-9C2E-9E93-FBF42DD2022A}.Debug|Any CPU.Build.0 = Debug|Any CPU
		{D347CF9F-C9DA-9C2E-9E93-FBF42DD2022A}.Release|Any CPU.ActiveCfg = Release|Any CPU
		{D347CF9F-C9DA-9C2E-9E93-FBF42DD2022A}.Release|Any CPU.Build.0 = Release|Any CPU
		{6D6F69B8-0533-E4DF-FD81-712CA8D30518}.Debug|Any CPU.ActiveCfg = Debug|Any CPU
		{6D6F69B8-0533-E4DF-FD81-712CA8D30518}.Debug|Any CPU.Build.0 = Debug|Any CPU
		{6D6F69B8-0533-E4DF-FD81-712CA8D30518}.Release|Any CPU.ActiveCfg = Release|Any CPU
		{6D6F69B8-0533-E4DF-FD81-712CA8D30518}.Release|Any CPU.Build.0 = Release|Any CPU
		{A9A7EE1D-8652-4802-7328-643698BBE248}.Debug|Any CPU.ActiveCfg = Debug|Any CPU
		{A9A7EE1D-8652-4802-7328-643698BBE248}.Debug|Any CPU.Build.0 = Debug|Any CPU
		{A9A7EE1D-8652-4802-7328-643698BBE248}.Release|Any CPU.ActiveCfg = Release|Any CPU
		{A9A7EE1D-8652-4802-7328-643698BBE248}.Release|Any CPU.Build.0 = Release|Any CPU
		{223C9345-6915-F04A-71C3-B00F60002FF2}.Debug|Any CPU.ActiveCfg = Debug|Any CPU
		{223C9345-6915-F04A-71C3-B00F60002FF2}.Debug|Any CPU.Build.0 = Debug|Any CPU
		{223C9345-6915-F04A-71C3-B00F60002FF2}.Release|Any CPU.ActiveCfg = Release|Any CPU
		{223C9345-6915-F04A-71C3-B00F60002FF2}.Release|Any CPU.Build.0 = Release|Any CPU
		{41BDE598-7A24-EFBB-142A-B4F825EE9C46}.Debug|Any CPU.ActiveCfg = Debug|Any CPU
		{41BDE598-7A24-EFBB-142A-B4F825EE9C46}.Debug|Any CPU.Build.0 = Debug|Any CPU
		{41BDE598-7A24-EFBB-142A-B4F825EE9C46}.Release|Any CPU.ActiveCfg = Release|Any CPU
		{41BDE598-7A24-EFBB-142A-B4F825EE9C46}.Release|Any CPU.Build.0 = Release|Any CPU
		{F589B8E3-0765-BC51-832A-6DD62530D6E7}.Debug|Any CPU.ActiveCfg = Debug|Any CPU
		{F589B8E3-0765-BC51-832A-6DD62530D6E7}.Debug|Any CPU.Build.0 = Debug|Any CPU
		{F589B8E3-0765-BC51-832A-6DD62530D6E7}.Release|Any CPU.ActiveCfg = Release|Any CPU
		{F589B8E3-0765-BC51-832A-6DD62530D6E7}.Release|Any CPU.Build.0 = Release|Any CPU
		{57DAD736-88E1-95A0-7E00-54BE32889D13}.Debug|Any CPU.ActiveCfg = Debug|Any CPU
		{57DAD736-88E1-95A0-7E00-54BE32889D13}.Debug|Any CPU.Build.0 = Debug|Any CPU
		{57DAD736-88E1-95A0-7E00-54BE32889D13}.Release|Any CPU.ActiveCfg = Release|Any CPU
		{57DAD736-88E1-95A0-7E00-54BE32889D13}.Release|Any CPU.Build.0 = Release|Any CPU
		{CF6BB728-C333-06D9-7094-26BF8B00879D}.Debug|Any CPU.ActiveCfg = Debug|Any CPU
		{CF6BB728-C333-06D9-7094-26BF8B00879D}.Debug|Any CPU.Build.0 = Debug|Any CPU
		{CF6BB728-C333-06D9-7094-26BF8B00879D}.Release|Any CPU.ActiveCfg = Release|Any CPU
		{CF6BB728-C333-06D9-7094-26BF8B00879D}.Release|Any CPU.Build.0 = Release|Any CPU
		{3E3E2AE6-D02E-54B6-C9D6-0562D1436A32}.Debug|Any CPU.ActiveCfg = Debug|Any CPU
		{3E3E2AE6-D02E-54B6-C9D6-0562D1436A32}.Debug|Any CPU.Build.0 = Debug|Any CPU
		{3E3E2AE6-D02E-54B6-C9D6-0562D1436A32}.Release|Any CPU.ActiveCfg = Release|Any CPU
		{3E3E2AE6-D02E-54B6-C9D6-0562D1436A32}.Release|Any CPU.Build.0 = Release|Any CPU
		{7711901F-1612-CE70-621B-BCED37835600}.Debug|Any CPU.ActiveCfg = Debug|Any CPU
		{7711901F-1612-CE70-621B-BCED37835600}.Debug|Any CPU.Build.0 = Debug|Any CPU
		{7711901F-1612-CE70-621B-BCED37835600}.Release|Any CPU.ActiveCfg = Release|Any CPU
		{7711901F-1612-CE70-621B-BCED37835600}.Release|Any CPU.Build.0 = Release|Any CPU
		{93009702-8E74-BD00-0CD8-8E9DFA0AD2AC}.Debug|Any CPU.ActiveCfg = Debug|Any CPU
		{93009702-8E74-BD00-0CD8-8E9DFA0AD2AC}.Debug|Any CPU.Build.0 = Debug|Any CPU
		{93009702-8E74-BD00-0CD8-8E9DFA0AD2AC}.Release|Any CPU.ActiveCfg = Release|Any CPU
		{93009702-8E74-BD00-0CD8-8E9DFA0AD2AC}.Release|Any CPU.Build.0 = Release|Any CPU
		{6318F6C7-C524-FD7D-A3CB-4CE15B2B4490}.Debug|Any CPU.ActiveCfg = Debug|Any CPU
		{6318F6C7-C524-FD7D-A3CB-4CE15B2B4490}.Debug|Any CPU.Build.0 = Debug|Any CPU
		{6318F6C7-C524-FD7D-A3CB-4CE15B2B4490}.Release|Any CPU.ActiveCfg = Release|Any CPU
		{6318F6C7-C524-FD7D-A3CB-4CE15B2B4490}.Release|Any CPU.Build.0 = Release|Any CPU
		{845A8792-36CF-CA58-3E20-B03D1853E54B}.Debug|Any CPU.ActiveCfg = Debug|Any CPU
		{845A8792-36CF-CA58-3E20-B03D1853E54B}.Debug|Any CPU.Build.0 = Debug|Any CPU
		{845A8792-36CF-CA58-3E20-B03D1853E54B}.Release|Any CPU.ActiveCfg = Release|Any CPU
		{845A8792-36CF-CA58-3E20-B03D1853E54B}.Release|Any CPU.Build.0 = Release|Any CPU
		{E58316E7-B752-7C32-DAC3-A371526DA17D}.Debug|Any CPU.ActiveCfg = Debug|Any CPU
		{E58316E7-B752-7C32-DAC3-A371526DA17D}.Debug|Any CPU.Build.0 = Debug|Any CPU
		{E58316E7-B752-7C32-DAC3-A371526DA17D}.Release|Any CPU.ActiveCfg = Release|Any CPU
		{E58316E7-B752-7C32-DAC3-A371526DA17D}.Release|Any CPU.Build.0 = Release|Any CPU
		{C0790268-357E-BF8F-A18B-087E608E8D0B}.Debug|Any CPU.ActiveCfg = Debug|Any CPU
		{C0790268-357E-BF8F-A18B-087E608E8D0B}.Debug|Any CPU.Build.0 = Debug|Any CPU
		{C0790268-357E-BF8F-A18B-087E608E8D0B}.Release|Any CPU.ActiveCfg = Release|Any CPU
		{C0790268-357E-BF8F-A18B-087E608E8D0B}.Release|Any CPU.Build.0 = Release|Any CPU
		{45AFD602-9418-60CA-0236-752D3EDBDC82}.Debug|Any CPU.ActiveCfg = Debug|Any CPU
		{45AFD602-9418-60CA-0236-752D3EDBDC82}.Debug|Any CPU.Build.0 = Debug|Any CPU
		{45AFD602-9418-60CA-0236-752D3EDBDC82}.Release|Any CPU.ActiveCfg = Release|Any CPU
		{45AFD602-9418-60CA-0236-752D3EDBDC82}.Release|Any CPU.Build.0 = Release|Any CPU
		{337F3D7C-00FA-00B6-32A1-5991A71AFA83}.Debug|Any CPU.ActiveCfg = Debug|Any CPU
		{337F3D7C-00FA-00B6-32A1-5991A71AFA83}.Debug|Any CPU.Build.0 = Debug|Any CPU
		{337F3D7C-00FA-00B6-32A1-5991A71AFA83}.Release|Any CPU.ActiveCfg = Release|Any CPU
		{337F3D7C-00FA-00B6-32A1-5991A71AFA83}.Release|Any CPU.Build.0 = Release|Any CPU
		{7196CC14-855B-52F2-CBB9-3DBAA9B28BB0}.Debug|Any CPU.ActiveCfg = Debug|Any CPU
		{7196CC14-855B-52F2-CBB9-3DBAA9B28BB0}.Debug|Any CPU.Build.0 = Debug|Any CPU
		{7196CC14-855B-52F2-CBB9-3DBAA9B28BB0}.Release|Any CPU.ActiveCfg = Release|Any CPU
		{7196CC14-855B-52F2-CBB9-3DBAA9B28BB0}.Release|Any CPU.Build.0 = Release|Any CPU
		{93196101-35FB-C6FF-DEF0-51A7818B4DFB}.Debug|Any CPU.ActiveCfg = Debug|Any CPU
		{93196101-35FB-C6FF-DEF0-51A7818B4DFB}.Debug|Any CPU.Build.0 = Debug|Any CPU
		{93196101-35FB-C6FF-DEF0-51A7818B4DFB}.Release|Any CPU.ActiveCfg = Release|Any CPU
		{93196101-35FB-C6FF-DEF0-51A7818B4DFB}.Release|Any CPU.Build.0 = Release|Any CPU
		{2AFA9754-98C7-CD53-73DB-8AF3DB755B09}.Debug|Any CPU.ActiveCfg = Debug|Any CPU
		{2AFA9754-98C7-CD53-73DB-8AF3DB755B09}.Debug|Any CPU.Build.0 = Debug|Any CPU
		{2AFA9754-98C7-CD53-73DB-8AF3DB755B09}.Release|Any CPU.ActiveCfg = Release|Any CPU
		{2AFA9754-98C7-CD53-73DB-8AF3DB755B09}.Release|Any CPU.Build.0 = Release|Any CPU
	EndGlobalSection
	GlobalSection(SolutionProperties) = preSolution
		HideSolutionNode = FALSE
	EndGlobalSection
EndGlobal
