
Microsoft Visual Studio Solution File, Format Version 12.00
# Visual Studio 15
Project("{FAE04EC0-301F-11D3-BF4B-00C04F79EFBC}") = "Meta.WitAi.Conduit", "Meta.WitAi.Conduit.csproj", "{C5CFC73A-AA05-83A5-7CF0-D44E08780B92}"
EndProject
Project("{FAE04EC0-301F-11D3-BF4B-00C04F79EFBC}") = "Oculus.VR", "Oculus.VR.csproj", "{F7491D6F-AF47-1A7A-B528-94677A99CAB0}"
EndProject
Project("{FAE04EC0-301F-11D3-BF4B-00C04F79EFBC}") = "Oculus.Interaction", "Oculus.Interaction.csproj", "{16C5459B-BBCE-0F7D-ABDC-9BCD2197CF97}"
EndProject
Project("{FAE04EC0-301F-11D3-BF4B-00C04F79EFBC}") = "Oculus.Interaction.Editor", "Oculus.Interaction.Editor.csproj", "{42B4BAE0-AC5A-EE75-636E-094A927EF93D}"
EndProject
Project("{FAE04EC0-301F-11D3-BF4B-00C04F79EFBC}") = "Oculus.Platform", "Oculus.Platform.csproj", "{25F89344-B16F-F28A-E032-40AD812AE568}"
EndProject
Project("{FAE04EC0-301F-11D3-BF4B-00C04F79EFBC}") = "VoiceSDK.Telemetry", "VoiceSDK.Telemetry.csproj", "{5D22C65A-537B-C240-9BBB-77FDE2170769}"
EndProject
Project("{FAE04EC0-301F-11D3-BF4B-00C04F79EFBC}") = "Assembly-CSharp", "Assembly-CSharp.csproj", "{59BF5D77-49BA-5E7B-F0F6-F6EA2DDE1D65}"
EndProject
Project("{FAE04EC0-301F-11D3-BF4B-00C04F79EFBC}") = "Oculus.Interaction.OVR.Samples", "Oculus.Interaction.OVR.Samples.csproj", "{AD80C043-C979-7A64-CE04-B9295B1CD796}"
EndProject
Project("{FAE04EC0-301F-11D3-BF4B-00C04F79EFBC}") = "Meta.WitAi.Lib", "Meta.WitAi.Lib.csproj", "{FB27F637-28B6-0A3C-7237-E772718C5BF0}"
EndProject
Project("{FAE04EC0-301F-11D3-BF4B-00C04F79EFBC}") = "Meta.WitAi.Editor", "Meta.WitAi.Editor.csproj", "{7B245A2A-3852-57EA-B700-EB6D73490E10}"
EndProject
Project("{FAE04EC0-301F-11D3-BF4B-00C04F79EFBC}") = "Meta.WitAi.Conduit.Editor", "Meta.WitAi.Conduit.Editor.csproj", "{63466C3F-0194-6F25-9CB2-0EDC57F2E4FE}"
EndProject
Project("{FAE04EC0-301F-11D3-BF4B-00C04F79EFBC}") = "Meta.WitAi", "Meta.WitAi.csproj", "{ACF5C441-2DB4-90AC-4F82-03E3528AEEA8}"
EndProject
Project("{FAE04EC0-301F-11D3-BF4B-00C04F79EFBC}") = "Oculus.VR.Editor", "Oculus.VR.Editor.csproj", "{C6FE49DB-D316-191A-C9AD-82C0CE4475F4}"
EndProject
Project("{FAE04EC0-301F-11D3-BF4B-00C04F79EFBC}") = "Oculus.LipSync", "Oculus.LipSync.csproj", "{EC499EF8-BE0C-D7FC-DB48-32E1AA53229F}"
EndProject
Project("{FAE04EC0-301F-11D3-BF4B-00C04F79EFBC}") = "Oculus.Interaction.OVR", "Oculus.Interaction.OVR.csproj", "{39B4B570-F6CC-B6F5-7760-30AB086AD50D}"
EndProject
Project("{FAE04EC0-301F-11D3-BF4B-00C04F79EFBC}") = "VoiceSDK.Editor", "VoiceSDK.Editor.csproj", "{E2005193-0182-B4D7-1F6B-C37A6C1EF5FE}"
EndProject
Project("{FAE04EC0-301F-11D3-BF4B-00C04F79EFBC}") = "Meta.WitAI.Lib.Editor", "Meta.WitAI.Lib.Editor.csproj", "{4A3CFD36-8D73-C35C-8BF5-F810B0B5B6BE}"
EndProject
Project("{FAE04EC0-301F-11D3-BF4B-00C04F79EFBC}") = "Oculus.AudioManager", "Oculus.AudioManager.csproj", "{DFD606EB-A504-6B57-5277-D9A93D8E760E}"
EndProject
Project("{FAE04EC0-301F-11D3-BF4B-00C04F79EFBC}") = "Meta.Voice.Samples.BuiltInTimer", "Meta.Voice.Samples.BuiltInTimer.csproj", "{A94EF293-F01F-EC4C-E444-2429D9F2EFB8}"
EndProject
Project("{FAE04EC0-301F-11D3-BF4B-00C04F79EFBC}") = "Meta.Voice.VSDKHub.Editor", "Meta.Voice.VSDKHub.Editor.csproj", "{8CA56722-0614-427F-11FB-40806FE88824}"
EndProject
Project("{FAE04EC0-301F-11D3-BF4B-00C04F79EFBC}") = "VoiceSDK.Dictation.Runtime", "VoiceSDK.Dictation.Runtime.csproj", "{622B1928-0686-5F9D-7CC4-E54994DB993D}"
EndProject
Project("{FAE04EC0-301F-11D3-BF4B-00C04F79EFBC}") = "Meta.WitAi.TTS", "Meta.WitAi.TTS.csproj", "{6C5EF4DE-35CC-E7BE-7F5C-B68EEFE5C330}"
EndProject
Project("{FAE04EC0-301F-11D3-BF4B-00C04F79EFBC}") = "AssistantCoreSDKRuntime", "AssistantCoreSDKRuntime.csproj", "{98124915-0F51-ACCA-5C7A-E607BB9DF905}"
EndProject
Project("{FAE04EC0-301F-11D3-BF4B-00C04F79EFBC}") = "Assembly-CSharp-Editor", "Assembly-CSharp-Editor.csproj", "{31BBF025-1B1C-8BCA-DBD9-B9C40B01FFC1}"
EndProject
Project("{FAE04EC0-301F-11D3-BF4B-00C04F79EFBC}") = "Meta.Voice.Samples.TTSVoices", "Meta.Voice.Samples.TTSVoices.csproj", "{1A29960B-566A-99FE-5A88-791B67FD6ED9}"
EndProject
Project("{FAE04EC0-301F-11D3-BF4B-00C04F79EFBC}") = "VoiceSDK.Runtime", "VoiceSDK.Runtime.csproj", "{7ECE23EE-396B-B216-1593-9A251A851396}"
EndProject
Project("{FAE04EC0-301F-11D3-BF4B-00C04F79EFBC}") = "Oculus.VR.Scripts.Editor", "Oculus.VR.Scripts.Editor.csproj", "{9EB288EB-1C91-646C-1741-8DCEED18F900}"
EndProject
Project("{FAE04EC0-301F-11D3-BF4B-00C04F79EFBC}") = "Meta.Voice.Samples.LightTraits", "Meta.Voice.Samples.LightTraits.csproj", "{1A57141A-C262-E80E-4B0A-46DD8978FFE5}"
EndProject
Project("{FAE04EC0-301F-11D3-BF4B-00C04F79EFBC}") = "Meta.Voice.Hub.Editor", "Meta.Voice.Hub.Editor.csproj", "{B15CE536-2D75-ACB4-F5FB-C699C4355AC1}"
EndProject
Project("{FAE04EC0-301F-11D3-BF4B-00C04F79EFBC}") = "Oculus.Interaction.Samples.Editor", "Oculus.Interaction.Samples.Editor.csproj", "{2F84EE40-8150-1103-8BA6-D9F7DEF939E6}"
EndProject
Project("{FAE04EC0-301F-11D3-BF4B-00C04F79EFBC}") = "Meta.WitAi.TTS.Editor", "Meta.WitAi.TTS.Editor.csproj", "{723DFD1E-A43F-B321-92E7-3D00FAC1F9EF}"
EndProject
Project("{FAE04EC0-301F-11D3-BF4B-00C04F79EFBC}") = "Oculus.Platform.Editor", "Oculus.Platform.Editor.csproj", "{D96B42EE-492E-46A7-75C3-A5CCACEE3C11}"
EndProject
Project("{FAE04EC0-301F-11D3-BF4B-00C04F79EFBC}") = "Facebook.Wit.Dictation", "Facebook.Wit.Dictation.csproj", "{40ABB7FA-91FF-65F1-2294-051B7658AA8A}"
EndProject
Project("{FAE04EC0-301F-11D3-BF4B-00C04F79EFBC}") = "Oculus.Spatializer.Editor", "Oculus.Spatializer.Editor.csproj", "{8EC7A3E6-A73F-92FA-ECC5-C168A82C4894}"
EndProject
Project("{FAE04EC0-301F-11D3-BF4B-00C04F79EFBC}") = "Oculus.LipSync.Editor", "Oculus.LipSync.Editor.csproj", "{C4D1202C-72E5-CEEE-15F1-EBD3F53FF100}"
EndProject
Project("{FAE04EC0-301F-11D3-BF4B-00C04F79EFBC}") = "Oculus.AudioManager.Utils.Editor", "Oculus.AudioManager.Utils.Editor.csproj", "{DB33F024-4E1D-9791-62F2-969528A0759E}"
EndProject
Project("{FAE04EC0-301F-11D3-BF4B-00C04F79EFBC}") = "Meta.VoiceSDK.Mic.Common", "Meta.VoiceSDK.Mic.Common.csproj", "{1803551F-0EA4-A5D8-F566-1E95D17CBEBF}"
EndProject
Project("{FAE04EC0-301F-11D3-BF4B-00C04F79EFBC}") = "Meta.Voice.Samples.ShapesConduit", "Meta.Voice.Samples.ShapesConduit.csproj", "{71510C53-5CE1-711E-50DF-DC1C1ABAFA31}"
EndProject
Project("{FAE04EC0-301F-11D3-BF4B-00C04F79EFBC}") = "Oculus.Spatializer", "Oculus.Spatializer.csproj", "{DC3ACAD1-E9D5-628B-2AE9-1287604DA6AD}"
EndProject
Project("{FAE04EC0-301F-11D3-BF4B-00C04F79EFBC}") = "Meta.VoiceSDK.Mic.Other", "Meta.VoiceSDK.Mic.Other.csproj", "{FFCE7A8E-B047-7515-F1CD-7E64FBA3D8FA}"
EndProject
Project("{FAE04EC0-301F-11D3-BF4B-00C04F79EFBC}") = "Oculus.Interaction.InterfaceSupport", "Oculus.Interaction.InterfaceSupport.csproj", "{EBB341A3-3FBE-DFDA-90BD-A244552046BB}"
EndProject
Project("{FAE04EC0-301F-11D3-BF4B-00C04F79EFBC}") = "Oculus.AudioManager.Audio.Editor", "Oculus.AudioManager.Audio.Editor.csproj", "{F1B71F79-3D0A-7271-A738-61F24996E395}"
EndProject
Project("{FAE04EC0-301F-11D3-BF4B-00C04F79EFBC}") = "Meta.Voice.Samples.LiveUnderstanding", "Meta.Voice.Samples.LiveUnderstanding.csproj", "{A334751F-29B4-42CD-4DDA-765F01695C27}"
EndProject
Project("{FAE04EC0-301F-11D3-BF4B-00C04F79EFBC}") = "VoiceSDK.Dictation.Editor", "VoiceSDK.Dictation.Editor.csproj", "{2D8314C8-2223-38BB-168A-B069D20FEFB8}"
EndProject
Project("{FAE04EC0-301F-11D3-BF4B-00C04F79EFBC}") = "AssistantCoreSDKEditor", "AssistantCoreSDKEditor.csproj", "{B520968B-1D7D-F82E-EC4F-76E0D3347767}"
EndProject
Project("{FAE04EC0-301F-11D3-BF4B-00C04F79EFBC}") = "Meta.VoiceSDK.Mic.WebGL", "Meta.VoiceSDK.Mic.WebGL.csproj", "{3D42DA20-816F-7BB4-90C3-246E267F5929}"
EndProject
Project("{FAE04EC0-301F-11D3-BF4B-00C04F79EFBC}") = "Meta.Voice.Hub.Runtime", "Meta.Voice.Hub.Runtime.csproj", "{25B7B73C-C0C1-AB05-3F0B-53DDA7D6B917}"
EndProject
Project("{FAE04EC0-301F-11D3-BF4B-00C04F79EFBC}") = "Meta.Voice.Samples.Chess", "Meta.Voice.Samples.Chess.csproj", "{B13A9278-6CCF-7EA6-5658-DBAE661A49F2}"
EndProject
Project("{FAE04EC0-301F-11D3-BF4B-00C04F79EFBC}") = "Meta.Voice.Samples.Dictation", "Meta.Voice.Samples.Dictation.csproj", "{5802EAC6-43D5-7D23-0045-52069573F99C}"
EndProject
Project("{FAE04EC0-301F-11D3-BF4B-00C04F79EFBC}") = "Meta.Voice.Samples.Shapes", "Meta.Voice.Samples.Shapes.csproj", "{E01897D2-C5E9-839D-FB3A-346A9E2835B0}"
EndProject
Project("{FAE04EC0-301F-11D3-BF4B-00C04F79EFBC}") = "Oculus.Interaction.OVR.Editor", "Oculus.Interaction.OVR.Editor.csproj", "{558E01B9-2AD6-863E-817E-2282FE67CFA1}"
EndProject
Project("{FAE04EC0-301F-11D3-BF4B-00C04F79EFBC}") = "Facebook.Wit.Dictation.Editor", "Facebook.Wit.Dictation.Editor.csproj", "{CD5ABE77-316C-3547-4DEE-EC0FD550ABDE}"
EndProject
Global
	GlobalSection(SolutionConfigurationPlatforms) = preSolution
		Debug|Any CPU = Debug|Any CPU
		Release|Any CPU = Release|Any CPU
	EndGlobalSection
	GlobalSection(ProjectConfigurationPlatforms) = postSolution
		{C5CFC73A-AA05-83A5-7CF0-D44E08780B92}.Debug|Any CPU.ActiveCfg = Debug|Any CPU
		{C5CFC73A-AA05-83A5-7CF0-D44E08780B92}.Debug|Any CPU.Build.0 = Debug|Any CPU
		{C5CFC73A-AA05-83A5-7CF0-D44E08780B92}.Release|Any CPU.ActiveCfg = Release|Any CPU
		{C5CFC73A-AA05-83A5-7CF0-D44E08780B92}.Release|Any CPU.Build.0 = Release|Any CPU
		{F7491D6F-AF47-1A7A-B528-94677A99CAB0}.Debug|Any CPU.ActiveCfg = Debug|Any CPU
		{F7491D6F-AF47-1A7A-B528-94677A99CAB0}.Debug|Any CPU.Build.0 = Debug|Any CPU
		{F7491D6F-AF47-1A7A-B528-94677A99CAB0}.Release|Any CPU.ActiveCfg = Release|Any CPU
		{F7491D6F-AF47-1A7A-B528-94677A99CAB0}.Release|Any CPU.Build.0 = Release|Any CPU
		{16C5459B-BBCE-0F7D-ABDC-9BCD2197CF97}.Debug|Any CPU.ActiveCfg = Debug|Any CPU
		{16C5459B-BBCE-0F7D-ABDC-9BCD2197CF97}.Debug|Any CPU.Build.0 = Debug|Any CPU
		{16C5459B-BBCE-0F7D-ABDC-9BCD2197CF97}.Release|Any CPU.ActiveCfg = Release|Any CPU
		{16C5459B-BBCE-0F7D-ABDC-9BCD2197CF97}.Release|Any CPU.Build.0 = Release|Any CPU
		{42B4BAE0-AC5A-EE75-636E-094A927EF93D}.Debug|Any CPU.ActiveCfg = Debug|Any CPU
		{42B4BAE0-AC5A-EE75-636E-094A927EF93D}.Debug|Any CPU.Build.0 = Debug|Any CPU
		{42B4BAE0-AC5A-EE75-636E-094A927EF93D}.Release|Any CPU.ActiveCfg = Release|Any CPU
		{42B4BAE0-AC5A-EE75-636E-094A927EF93D}.Release|Any CPU.Build.0 = Release|Any CPU
		{25F89344-B16F-F28A-E032-40AD812AE568}.Debug|Any CPU.ActiveCfg = Debug|Any CPU
		{25F89344-B16F-F28A-E032-40AD812AE568}.Debug|Any CPU.Build.0 = Debug|Any CPU
		{25F89344-B16F-F28A-E032-40AD812AE568}.Release|Any CPU.ActiveCfg = Release|Any CPU
		{25F89344-B16F-F28A-E032-40AD812AE568}.Release|Any CPU.Build.0 = Release|Any CPU
		{5D22C65A-537B-C240-9BBB-77FDE2170769}.Debug|Any CPU.ActiveCfg = Debug|Any CPU
		{5D22C65A-537B-C240-9BBB-77FDE2170769}.Debug|Any CPU.Build.0 = Debug|Any CPU
		{5D22C65A-537B-C240-9BBB-77FDE2170769}.Release|Any CPU.ActiveCfg = Release|Any CPU
		{5D22C65A-537B-C240-9BBB-77FDE2170769}.Release|Any CPU.Build.0 = Release|Any CPU
		{59BF5D77-49BA-5E7B-F0F6-F6EA2DDE1D65}.Debug|Any CPU.ActiveCfg = Debug|Any CPU
		{59BF5D77-49BA-5E7B-F0F6-F6EA2DDE1D65}.Debug|Any CPU.Build.0 = Debug|Any CPU
		{59BF5D77-49BA-5E7B-F0F6-F6EA2DDE1D65}.Release|Any CPU.ActiveCfg = Release|Any CPU
		{59BF5D77-49BA-5E7B-F0F6-F6EA2DDE1D65}.Release|Any CPU.Build.0 = Release|Any CPU
		{AD80C043-C979-7A64-CE04-B9295B1CD796}.Debug|Any CPU.ActiveCfg = Debug|Any CPU
		{AD80C043-C979-7A64-CE04-B9295B1CD796}.Debug|Any CPU.Build.0 = Debug|Any CPU
		{AD80C043-C979-7A64-CE04-B9295B1CD796}.Release|Any CPU.ActiveCfg = Release|Any CPU
		{AD80C043-C979-7A64-CE04-B9295B1CD796}.Release|Any CPU.Build.0 = Release|Any CPU
		{FB27F637-28B6-0A3C-7237-E772718C5BF0}.Debug|Any CPU.ActiveCfg = Debug|Any CPU
		{FB27F637-28B6-0A3C-7237-E772718C5BF0}.Debug|Any CPU.Build.0 = Debug|Any CPU
		{FB27F637-28B6-0A3C-7237-E772718C5BF0}.Release|Any CPU.ActiveCfg = Release|Any CPU
		{FB27F637-28B6-0A3C-7237-E772718C5BF0}.Release|Any CPU.Build.0 = Release|Any CPU
		{7B245A2A-3852-57EA-B700-EB6D73490E10}.Debug|Any CPU.ActiveCfg = Debug|Any CPU
		{7B245A2A-3852-57EA-B700-EB6D73490E10}.Debug|Any CPU.Build.0 = Debug|Any CPU
		{7B245A2A-3852-57EA-B700-EB6D73490E10}.Release|Any CPU.ActiveCfg = Release|Any CPU
		{7B245A2A-3852-57EA-B700-EB6D73490E10}.Release|Any CPU.Build.0 = Release|Any CPU
		{63466C3F-0194-6F25-9CB2-0EDC57F2E4FE}.Debug|Any CPU.ActiveCfg = Debug|Any CPU
		{63466C3F-0194-6F25-9CB2-0EDC57F2E4FE}.Debug|Any CPU.Build.0 = Debug|Any CPU
		{63466C3F-0194-6F25-9CB2-0EDC57F2E4FE}.Release|Any CPU.ActiveCfg = Release|Any CPU
		{63466C3F-0194-6F25-9CB2-0EDC57F2E4FE}.Release|Any CPU.Build.0 = Release|Any CPU
		{ACF5C441-2DB4-90AC-4F82-03E3528AEEA8}.Debug|Any CPU.ActiveCfg = Debug|Any CPU
		{ACF5C441-2DB4-90AC-4F82-03E3528AEEA8}.Debug|Any CPU.Build.0 = Debug|Any CPU
		{ACF5C441-2DB4-90AC-4F82-03E3528AEEA8}.Release|Any CPU.ActiveCfg = Release|Any CPU
		{ACF5C441-2DB4-90AC-4F82-03E3528AEEA8}.Release|Any CPU.Build.0 = Release|Any CPU
		{C6FE49DB-D316-191A-C9AD-82C0CE4475F4}.Debug|Any CPU.ActiveCfg = Debug|Any CPU
		{C6FE49DB-D316-191A-C9AD-82C0CE4475F4}.Debug|Any CPU.Build.0 = Debug|Any CPU
		{C6FE49DB-D316-191A-C9AD-82C0CE4475F4}.Release|Any CPU.ActiveCfg = Release|Any CPU
		{C6FE49DB-D316-191A-C9AD-82C0CE4475F4}.Release|Any CPU.Build.0 = Release|Any CPU
		{EC499EF8-BE0C-D7FC-DB48-32E1AA53229F}.Debug|Any CPU.ActiveCfg = Debug|Any CPU
		{EC499EF8-BE0C-D7FC-DB48-32E1AA53229F}.Debug|Any CPU.Build.0 = Debug|Any CPU
		{EC499EF8-BE0C-D7FC-DB48-32E1AA53229F}.Release|Any CPU.ActiveCfg = Release|Any CPU
		{EC499EF8-BE0C-D7FC-DB48-32E1AA53229F}.Release|Any CPU.Build.0 = Release|Any CPU
		{39B4B570-F6CC-B6F5-7760-30AB086AD50D}.Debug|Any CPU.ActiveCfg = Debug|Any CPU
		{39B4B570-F6CC-B6F5-7760-30AB086AD50D}.Debug|Any CPU.Build.0 = Debug|Any CPU
		{39B4B570-F6CC-B6F5-7760-30AB086AD50D}.Release|Any CPU.ActiveCfg = Release|Any CPU
		{39B4B570-F6CC-B6F5-7760-30AB086AD50D}.Release|Any CPU.Build.0 = Release|Any CPU
		{E2005193-0182-B4D7-1F6B-C37A6C1EF5FE}.Debug|Any CPU.ActiveCfg = Debug|Any CPU
		{E2005193-0182-B4D7-1F6B-C37A6C1EF5FE}.Debug|Any CPU.Build.0 = Debug|Any CPU
		{E2005193-0182-B4D7-1F6B-C37A6C1EF5FE}.Release|Any CPU.ActiveCfg = Release|Any CPU
		{E2005193-0182-B4D7-1F6B-C37A6C1EF5FE}.Release|Any CPU.Build.0 = Release|Any CPU
		{4A3CFD36-8D73-C35C-8BF5-F810B0B5B6BE}.Debug|Any CPU.ActiveCfg = Debug|Any CPU
		{4A3CFD36-8D73-C35C-8BF5-F810B0B5B6BE}.Debug|Any CPU.Build.0 = Debug|Any CPU
		{4A3CFD36-8D73-C35C-8BF5-F810B0B5B6BE}.Release|Any CPU.ActiveCfg = Release|Any CPU
		{4A3CFD36-8D73-C35C-8BF5-F810B0B5B6BE}.Release|Any CPU.Build.0 = Release|Any CPU
		{DFD606EB-A504-6B57-5277-D9A93D8E760E}.Debug|Any CPU.ActiveCfg = Debug|Any CPU
		{DFD606EB-A504-6B57-5277-D9A93D8E760E}.Debug|Any CPU.Build.0 = Debug|Any CPU
		{DFD606EB-A504-6B57-5277-D9A93D8E760E}.Release|Any CPU.ActiveCfg = Release|Any CPU
		{DFD606EB-A504-6B57-5277-D9A93D8E760E}.Release|Any CPU.Build.0 = Release|Any CPU
		{A94EF293-F01F-EC4C-E444-2429D9F2EFB8}.Debug|Any CPU.ActiveCfg = Debug|Any CPU
		{A94EF293-F01F-EC4C-E444-2429D9F2EFB8}.Debug|Any CPU.Build.0 = Debug|Any CPU
		{A94EF293-F01F-EC4C-E444-2429D9F2EFB8}.Release|Any CPU.ActiveCfg = Release|Any CPU
		{A94EF293-F01F-EC4C-E444-2429D9F2EFB8}.Release|Any CPU.Build.0 = Release|Any CPU
		{8CA56722-0614-427F-11FB-40806FE88824}.Debug|Any CPU.ActiveCfg = Debug|Any CPU
		{8CA56722-0614-427F-11FB-40806FE88824}.Debug|Any CPU.Build.0 = Debug|Any CPU
		{8CA56722-0614-427F-11FB-40806FE88824}.Release|Any CPU.ActiveCfg = Release|Any CPU
		{8CA56722-0614-427F-11FB-40806FE88824}.Release|Any CPU.Build.0 = Release|Any CPU
		{622B1928-0686-5F9D-7CC4-E54994DB993D}.Debug|Any CPU.ActiveCfg = Debug|Any CPU
		{622B1928-0686-5F9D-7CC4-E54994DB993D}.Debug|Any CPU.Build.0 = Debug|Any CPU
		{622B1928-0686-5F9D-7CC4-E54994DB993D}.Release|Any CPU.ActiveCfg = Release|Any CPU
		{622B1928-0686-5F9D-7CC4-E54994DB993D}.Release|Any CPU.Build.0 = Release|Any CPU
		{6C5EF4DE-35CC-E7BE-7F5C-B68EEFE5C330}.Debug|Any CPU.ActiveCfg = Debug|Any CPU
		{6C5EF4DE-35CC-E7BE-7F5C-B68EEFE5C330}.Debug|Any CPU.Build.0 = Debug|Any CPU
		{6C5EF4DE-35CC-E7BE-7F5C-B68EEFE5C330}.Release|Any CPU.ActiveCfg = Release|Any CPU
		{6C5EF4DE-35CC-E7BE-7F5C-B68EEFE5C330}.Release|Any CPU.Build.0 = Release|Any CPU
		{98124915-0F51-ACCA-5C7A-E607BB9DF905}.Debug|Any CPU.ActiveCfg = Debug|Any CPU
		{98124915-0F51-ACCA-5C7A-E607BB9DF905}.Debug|Any CPU.Build.0 = Debug|Any CPU
		{98124915-0F51-ACCA-5C7A-E607BB9DF905}.Release|Any CPU.ActiveCfg = Release|Any CPU
		{98124915-0F51-ACCA-5C7A-E607BB9DF905}.Release|Any CPU.Build.0 = Release|Any CPU
		{31BBF025-1B1C-8BCA-DBD9-B9C40B01FFC1}.Debug|Any CPU.ActiveCfg = Debug|Any CPU
		{31BBF025-1B1C-8BCA-DBD9-B9C40B01FFC1}.Debug|Any CPU.Build.0 = Debug|Any CPU
		{31BBF025-1B1C-8BCA-DBD9-B9C40B01FFC1}.Release|Any CPU.ActiveCfg = Release|Any CPU
		{31BBF025-1B1C-8BCA-DBD9-B9C40B01FFC1}.Release|Any CPU.Build.0 = Release|Any CPU
		{1A29960B-566A-99FE-5A88-791B67FD6ED9}.Debug|Any CPU.ActiveCfg = Debug|Any CPU
		{1A29960B-566A-99FE-5A88-791B67FD6ED9}.Debug|Any CPU.Build.0 = Debug|Any CPU
		{1A29960B-566A-99FE-5A88-791B67FD6ED9}.Release|Any CPU.ActiveCfg = Release|Any CPU
		{1A29960B-566A-99FE-5A88-791B67FD6ED9}.Release|Any CPU.Build.0 = Release|Any CPU
		{7ECE23EE-396B-B216-1593-9A251A851396}.Debug|Any CPU.ActiveCfg = Debug|Any CPU
		{7ECE23EE-396B-B216-1593-9A251A851396}.Debug|Any CPU.Build.0 = Debug|Any CPU
		{7ECE23EE-396B-B216-1593-9A251A851396}.Release|Any CPU.ActiveCfg = Release|Any CPU
		{7ECE23EE-396B-B216-1593-9A251A851396}.Release|Any CPU.Build.0 = Release|Any CPU
		{9EB288EB-1C91-646C-1741-8DCEED18F900}.Debug|Any CPU.ActiveCfg = Debug|Any CPU
		{9EB288EB-1C91-646C-1741-8DCEED18F900}.Debug|Any CPU.Build.0 = Debug|Any CPU
		{9EB288EB-1C91-646C-1741-8DCEED18F900}.Release|Any CPU.ActiveCfg = Release|Any CPU
		{9EB288EB-1C91-646C-1741-8DCEED18F900}.Release|Any CPU.Build.0 = Release|Any CPU
		{1A57141A-C262-E80E-4B0A-46DD8978FFE5}.Debug|Any CPU.ActiveCfg = Debug|Any CPU
		{1A57141A-C262-E80E-4B0A-46DD8978FFE5}.Debug|Any CPU.Build.0 = Debug|Any CPU
		{1A57141A-C262-E80E-4B0A-46DD8978FFE5}.Release|Any CPU.ActiveCfg = Release|Any CPU
		{1A57141A-C262-E80E-4B0A-46DD8978FFE5}.Release|Any CPU.Build.0 = Release|Any CPU
		{B15CE536-2D75-ACB4-F5FB-C699C4355AC1}.Debug|Any CPU.ActiveCfg = Debug|Any CPU
		{B15CE536-2D75-ACB4-F5FB-C699C4355AC1}.Debug|Any CPU.Build.0 = Debug|Any CPU
		{B15CE536-2D75-ACB4-F5FB-C699C4355AC1}.Release|Any CPU.ActiveCfg = Release|Any CPU
		{B15CE536-2D75-ACB4-F5FB-C699C4355AC1}.Release|Any CPU.Build.0 = Release|Any CPU
		{2F84EE40-8150-1103-8BA6-D9F7DEF939E6}.Debug|Any CPU.ActiveCfg = Debug|Any CPU
		{2F84EE40-8150-1103-8BA6-D9F7DEF939E6}.Debug|Any CPU.Build.0 = Debug|Any CPU
		{2F84EE40-8150-1103-8BA6-D9F7DEF939E6}.Release|Any CPU.ActiveCfg = Release|Any CPU
		{2F84EE40-8150-1103-8BA6-D9F7DEF939E6}.Release|Any CPU.Build.0 = Release|Any CPU
		{723DFD1E-A43F-B321-92E7-3D00FAC1F9EF}.Debug|Any CPU.ActiveCfg = Debug|Any CPU
		{723DFD1E-A43F-B321-92E7-3D00FAC1F9EF}.Debug|Any CPU.Build.0 = Debug|Any CPU
		{723DFD1E-A43F-B321-92E7-3D00FAC1F9EF}.Release|Any CPU.ActiveCfg = Release|Any CPU
		{723DFD1E-A43F-B321-92E7-3D00FAC1F9EF}.Release|Any CPU.Build.0 = Release|Any CPU
		{D96B42EE-492E-46A7-75C3-A5CCACEE3C11}.Debug|Any CPU.ActiveCfg = Debug|Any CPU
		{D96B42EE-492E-46A7-75C3-A5CCACEE3C11}.Debug|Any CPU.Build.0 = Debug|Any CPU
		{D96B42EE-492E-46A7-75C3-A5CCACEE3C11}.Release|Any CPU.ActiveCfg = Release|Any CPU
		{D96B42EE-492E-46A7-75C3-A5CCACEE3C11}.Release|Any CPU.Build.0 = Release|Any CPU
		{40ABB7FA-91FF-65F1-2294-051B7658AA8A}.Debug|Any CPU.ActiveCfg = Debug|Any CPU
		{40ABB7FA-91FF-65F1-2294-051B7658AA8A}.Debug|Any CPU.Build.0 = Debug|Any CPU
		{40ABB7FA-91FF-65F1-2294-051B7658AA8A}.Release|Any CPU.ActiveCfg = Release|Any CPU
		{40ABB7FA-91FF-65F1-2294-051B7658AA8A}.Release|Any CPU.Build.0 = Release|Any CPU
		{8EC7A3E6-A73F-92FA-ECC5-C168A82C4894}.Debug|Any CPU.ActiveCfg = Debug|Any CPU
		{8EC7A3E6-A73F-92FA-ECC5-C168A82C4894}.Debug|Any CPU.Build.0 = Debug|Any CPU
		{8EC7A3E6-A73F-92FA-ECC5-C168A82C4894}.Release|Any CPU.ActiveCfg = Release|Any CPU
		{8EC7A3E6-A73F-92FA-ECC5-C168A82C4894}.Release|Any CPU.Build.0 = Release|Any CPU
		{C4D1202C-72E5-CEEE-15F1-EBD3F53FF100}.Debug|Any CPU.ActiveCfg = Debug|Any CPU
		{C4D1202C-72E5-CEEE-15F1-EBD3F53FF100}.Debug|Any CPU.Build.0 = Debug|Any CPU
		{C4D1202C-72E5-CEEE-15F1-EBD3F53FF100}.Release|Any CPU.ActiveCfg = Release|Any CPU
		{C4D1202C-72E5-CEEE-15F1-EBD3F53FF100}.Release|Any CPU.Build.0 = Release|Any CPU
		{DB33F024-4E1D-9791-62F2-969528A0759E}.Debug|Any CPU.ActiveCfg = Debug|Any CPU
		{DB33F024-4E1D-9791-62F2-969528A0759E}.Debug|Any CPU.Build.0 = Debug|Any CPU
		{DB33F024-4E1D-9791-62F2-969528A0759E}.Release|Any CPU.ActiveCfg = Release|Any CPU
		{DB33F024-4E1D-9791-62F2-969528A0759E}.Release|Any CPU.Build.0 = Release|Any CPU
		{1803551F-0EA4-A5D8-F566-1E95D17CBEBF}.Debug|Any CPU.ActiveCfg = Debug|Any CPU
		{1803551F-0EA4-A5D8-F566-1E95D17CBEBF}.Debug|Any CPU.Build.0 = Debug|Any CPU
		{1803551F-0EA4-A5D8-F566-1E95D17CBEBF}.Release|Any CPU.ActiveCfg = Release|Any CPU
		{1803551F-0EA4-A5D8-F566-1E95D17CBEBF}.Release|Any CPU.Build.0 = Release|Any CPU
		{71510C53-5CE1-711E-50DF-DC1C1ABAFA31}.Debug|Any CPU.ActiveCfg = Debug|Any CPU
		{71510C53-5CE1-711E-50DF-DC1C1ABAFA31}.Debug|Any CPU.Build.0 = Debug|Any CPU
		{71510C53-5CE1-711E-50DF-DC1C1ABAFA31}.Release|Any CPU.ActiveCfg = Release|Any CPU
		{71510C53-5CE1-711E-50DF-DC1C1ABAFA31}.Release|Any CPU.Build.0 = Release|Any CPU
		{DC3ACAD1-E9D5-628B-2AE9-1287604DA6AD}.Debug|Any CPU.ActiveCfg = Debug|Any CPU
		{DC3ACAD1-E9D5-628B-2AE9-1287604DA6AD}.Debug|Any CPU.Build.0 = Debug|Any CPU
		{DC3ACAD1-E9D5-628B-2AE9-1287604DA6AD}.Release|Any CPU.ActiveCfg = Release|Any CPU
		{DC3ACAD1-E9D5-628B-2AE9-1287604DA6AD}.Release|Any CPU.Build.0 = Release|Any CPU
		{FFCE7A8E-B047-7515-F1CD-7E64FBA3D8FA}.Debug|Any CPU.ActiveCfg = Debug|Any CPU
		{FFCE7A8E-B047-7515-F1CD-7E64FBA3D8FA}.Debug|Any CPU.Build.0 = Debug|Any CPU
		{FFCE7A8E-B047-7515-F1CD-7E64FBA3D8FA}.Release|Any CPU.ActiveCfg = Release|Any CPU
		{FFCE7A8E-B047-7515-F1CD-7E64FBA3D8FA}.Release|Any CPU.Build.0 = Release|Any CPU
		{EBB341A3-3FBE-DFDA-90BD-A244552046BB}.Debug|Any CPU.ActiveCfg = Debug|Any CPU
		{EBB341A3-3FBE-DFDA-90BD-A244552046BB}.Debug|Any CPU.Build.0 = Debug|Any CPU
		{EBB341A3-3FBE-DFDA-90BD-A244552046BB}.Release|Any CPU.ActiveCfg = Release|Any CPU
		{EBB341A3-3FBE-DFDA-90BD-A244552046BB}.Release|Any CPU.Build.0 = Release|Any CPU
		{F1B71F79-3D0A-7271-A738-61F24996E395}.Debug|Any CPU.ActiveCfg = Debug|Any CPU
		{F1B71F79-3D0A-7271-A738-61F24996E395}.Debug|Any CPU.Build.0 = Debug|Any CPU
		{F1B71F79-3D0A-7271-A738-61F24996E395}.Release|Any CPU.ActiveCfg = Release|Any CPU
		{F1B71F79-3D0A-7271-A738-61F24996E395}.Release|Any CPU.Build.0 = Release|Any CPU
		{A334751F-29B4-42CD-4DDA-765F01695C27}.Debug|Any CPU.ActiveCfg = Debug|Any CPU
		{A334751F-29B4-42CD-4DDA-765F01695C27}.Debug|Any CPU.Build.0 = Debug|Any CPU
		{A334751F-29B4-42CD-4DDA-765F01695C27}.Release|Any CPU.ActiveCfg = Release|Any CPU
		{A334751F-29B4-42CD-4DDA-765F01695C27}.Release|Any CPU.Build.0 = Release|Any CPU
		{2D8314C8-2223-38BB-168A-B069D20FEFB8}.Debug|Any CPU.ActiveCfg = Debug|Any CPU
		{2D8314C8-2223-38BB-168A-B069D20FEFB8}.Debug|Any CPU.Build.0 = Debug|Any CPU
		{2D8314C8-2223-38BB-168A-B069D20FEFB8}.Release|Any CPU.ActiveCfg = Release|Any CPU
		{2D8314C8-2223-38BB-168A-B069D20FEFB8}.Release|Any CPU.Build.0 = Release|Any CPU
		{B520968B-1D7D-F82E-EC4F-76E0D3347767}.Debug|Any CPU.ActiveCfg = Debug|Any CPU
		{B520968B-1D7D-F82E-EC4F-76E0D3347767}.Debug|Any CPU.Build.0 = Debug|Any CPU
		{B520968B-1D7D-F82E-EC4F-76E0D3347767}.Release|Any CPU.ActiveCfg = Release|Any CPU
		{B520968B-1D7D-F82E-EC4F-76E0D3347767}.Release|Any CPU.Build.0 = Release|Any CPU
		{3D42DA20-816F-7BB4-90C3-246E267F5929}.Debug|Any CPU.ActiveCfg = Debug|Any CPU
		{3D42DA20-816F-7BB4-90C3-246E267F5929}.Debug|Any CPU.Build.0 = Debug|Any CPU
		{3D42DA20-816F-7BB4-90C3-246E267F5929}.Release|Any CPU.ActiveCfg = Release|Any CPU
		{3D42DA20-816F-7BB4-90C3-246E267F5929}.Release|Any CPU.Build.0 = Release|Any CPU
		{25B7B73C-C0C1-AB05-3F0B-53DDA7D6B917}.Debug|Any CPU.ActiveCfg = Debug|Any CPU
		{25B7B73C-C0C1-AB05-3F0B-53DDA7D6B917}.Debug|Any CPU.Build.0 = Debug|Any CPU
		{25B7B73C-C0C1-AB05-3F0B-53DDA7D6B917}.Release|Any CPU.ActiveCfg = Release|Any CPU
		{25B7B73C-C0C1-AB05-3F0B-53DDA7D6B917}.Release|Any CPU.Build.0 = Release|Any CPU
		{B13A9278-6CCF-7EA6-5658-DBAE661A49F2}.Debug|Any CPU.ActiveCfg = Debug|Any CPU
		{B13A9278-6CCF-7EA6-5658-DBAE661A49F2}.Debug|Any CPU.Build.0 = Debug|Any CPU
		{B13A9278-6CCF-7EA6-5658-DBAE661A49F2}.Release|Any CPU.ActiveCfg = Release|Any CPU
		{B13A9278-6CCF-7EA6-5658-DBAE661A49F2}.Release|Any CPU.Build.0 = Release|Any CPU
		{5802EAC6-43D5-7D23-0045-52069573F99C}.Debug|Any CPU.ActiveCfg = Debug|Any CPU
		{5802EAC6-43D5-7D23-0045-52069573F99C}.Debug|Any CPU.Build.0 = Debug|Any CPU
		{5802EAC6-43D5-7D23-0045-52069573F99C}.Release|Any CPU.ActiveCfg = Release|Any CPU
		{5802EAC6-43D5-7D23-0045-52069573F99C}.Release|Any CPU.Build.0 = Release|Any CPU
		{E01897D2-C5E9-839D-FB3A-346A9E2835B0}.Debug|Any CPU.ActiveCfg = Debug|Any CPU
		{E01897D2-C5E9-839D-FB3A-346A9E2835B0}.Debug|Any CPU.Build.0 = Debug|Any CPU
		{E01897D2-C5E9-839D-FB3A-346A9E2835B0}.Release|Any CPU.ActiveCfg = Release|Any CPU
		{E01897D2-C5E9-839D-FB3A-346A9E2835B0}.Release|Any CPU.Build.0 = Release|Any CPU
		{558E01B9-2AD6-863E-817E-2282FE67CFA1}.Debug|Any CPU.ActiveCfg = Debug|Any CPU
		{558E01B9-2AD6-863E-817E-2282FE67CFA1}.Debug|Any CPU.Build.0 = Debug|Any CPU
		{558E01B9-2AD6-863E-817E-2282FE67CFA1}.Release|Any CPU.ActiveCfg = Release|Any CPU
		{558E01B9-2AD6-863E-817E-2282FE67CFA1}.Release|Any CPU.Build.0 = Release|Any CPU
		{CD5ABE77-316C-3547-4DEE-EC0FD550ABDE}.Debug|Any CPU.ActiveCfg = Debug|Any CPU
		{CD5ABE77-316C-3547-4DEE-EC0FD550ABDE}.Debug|Any CPU.Build.0 = Debug|Any CPU
		{CD5ABE77-316C-3547-4DEE-EC0FD550ABDE}.Release|Any CPU.ActiveCfg = Release|Any CPU
		{CD5ABE77-316C-3547-4DEE-EC0FD550ABDE}.Release|Any CPU.Build.0 = Release|Any CPU
	EndGlobalSection
	GlobalSection(SolutionProperties) = preSolution
		HideSolutionNode = FALSE
	EndGlobalSection
EndGlobal
